{
  "version": 4,
  "terraform_version": "1.0.11",
  "serial": 269,
  "lineage": "97d352ac-ff60-b899-7fef-97fb903ed916",
  "outputs": {
    "aws_subnet_private_prod_ids": {
      "value": [
        "subnet-06f44cd8589f6965e",
        "subnet-0e6fc06bb5b06cec4"
      ],
      "type": [
        "tuple",
        [
          "string",
          "string"
        ]
      ]
    },
    "aws_vpc_id": {
      "value": "vpc-0b813675c87f3825c",
      "type": "string"
    }
  },
  "resources": [
    {
      "module": "module.ecr",
      "mode": "managed",
      "type": "aws_ecr_repository",
      "name": "aws_ecr",
      "provider": "provider[\"registry.terraform.io/hashicorp/aws\"]",
      "instances": [
        {
          "schema_version": 0,
          "attributes": {
            "arn": "arn:aws:ecr:us-east-1:092592202483:repository/weather-app",
            "encryption_configuration": [
              {
                "encryption_type": "AES256",
                "kms_key": ""
              }
            ],
            "id": "weather-app",
            "image_scanning_configuration": [
              {
                "scan_on_push": true
              }
            ],
            "image_tag_mutability": "MUTABLE",
            "name": "weather-app",
            "registry_id": "092592202483",
            "repository_url": "092592202483.dkr.ecr.us-east-1.amazonaws.com/weather-app",
            "tags": null,
            "tags_all": {},
            "timeouts": null
          },
          "sensitive_attributes": [],
          "private": "eyJlMmJmYjczMC1lY2FhLTExZTYtOGY4OC0zNDM2M2JjN2M0YzAiOnsiZGVsZXRlIjoxMjAwMDAwMDAwMDAwfX0="
        }
      ]
    },
    {
      "module": "module.eks",
      "mode": "data",
      "type": "aws_eks_cluster",
      "name": "eks",
      "provider": "provider[\"registry.terraform.io/hashicorp/aws\"]",
      "instances": [
        {
          "schema_version": 0,
          "attributes": {
            "arn": "arn:aws:eks:us-east-1:092592202483:cluster/aws-eks-cluster",
            "certificate_authority": [
              {
                "data": "LS0tLS1CRUdJTiBDRVJUSUZJQ0FURS0tLS0tCk1JSUM1ekNDQWMrZ0F3SUJBZ0lCQURBTkJna3Foa2lHOXcwQkFRc0ZBREFWTVJNd0VRWURWUVFERXdwcmRXSmwKY201bGRHVnpNQjRYRFRJeE1URXlNREl5TkRrd01Gb1hEVE14TVRFeE9ESXlORGt3TUZvd0ZURVRNQkVHQTFVRQpBeE1LYTNWaVpYSnVaWFJsY3pDQ0FTSXdEUVlKS29aSWh2Y05BUUVCQlFBRGdnRVBBRENDQVFvQ2dnRUJBTmluCjlXZDI0R0NjTjRqb0I5cTE4Vm11cTZWUmJnN3E5VFA2cGgvUmJQZ0FER0VpbTU4eXoxOXNUYVRoamlldzlHNXYKZ29hTitBQ2ZZUGZpVzFhU0UzcUUyUE9jcmJoK243YjRLSlBqazZhc0tBU3pyanFta0tPeXJZTjFZWjlBY3lEQgpLand4Y2Z3U2JNdHUxVkJZSXBmOVJVdHM2VVhmQmNMMUZRRlZsMUVzeHkyZFhuQUxKOE96dGhKME5EN1hjclZ4CnQ1ZjZ5UXdscDJjWXh3U25RS0UyZm1ERkM2S3F5RXRTV0xrVVNJQjhPV2FRZDRtb2hpMGVsK0cxd0w2U3pteGkKSlBsMm1ScVRrbWZ0Z2FaNDFpUndHeGZ1NUk3TWlhQTFhRnd4SHRQWnVpaEVOOFR0dkdTRzR1NEhRdjl3QUVjcwpqTDJBRTNqWVEvbXVGRkE1OERNQ0F3RUFBYU5DTUVBd0RnWURWUjBQQVFIL0JBUURBZ0trTUE4R0ExVWRFd0VCCi93UUZNQU1CQWY4d0hRWURWUjBPQkJZRUZLTVpsampweFZiS1VOR1BDMFIyZGZHK3lqRGxNQTBHQ1NxR1NJYjMKRFFFQkN3VUFBNElCQVFEWU0xeGdVbktPczRlVldhb0JLcGkreFl2R00wREdBdlZQdTFFaFlHWFFuRS9CM01JbQpOZzZvanNGM0U3cTM3cEVjL3N1Vm0vRjRIblJMNHNVc0pXUkZRNFdPdnNjSDNKRkVHdDMzT2tvQlNSVW1FY2lKCkw1MWNRYUhlNllsUGNNK1l6MW5FbkZ5aWZycHRGMzVTbmVudnNhYVByLzRTWUpiaU5yaDNYZ2pVNzE0NFVaWFQKcVhYeUU1YUFCTDR3NnBhYTU5dW9LZ3FTNHdiSVpuR3ZDQWlPRktHckhrdm96c0Q3MkZIMldzdmxJeTQrNFlaeAplSFJNdEk1S2MwRXdnTVRIbEoxVjJZYm1yVEJiWW5BUDBEckRpSnI0MXcxeWNlcHQ5ZWJiQUkzb1VoVE5nZEJaCjFzbXJZUnppODhGdGNXTUt3MUlMcThrbnRhVnMzRmZhVm5nZQotLS0tLUVORCBDRVJUSUZJQ0FURS0tLS0tCg=="
              }
            ],
            "created_at": "2021-11-20 22:41:38.378 +0000 UTC",
            "enabled_cluster_log_types": [],
            "endpoint": "https://D986122F510C53FB676A4F0E436AE494.gr7.us-east-1.eks.amazonaws.com",
            "id": "aws-eks-cluster",
            "identity": [
              {
                "oidc": [
                  {
                    "issuer": "https://oidc.eks.us-east-1.amazonaws.com/id/D986122F510C53FB676A4F0E436AE494"
                  }
                ]
              }
            ],
            "kubernetes_network_config": [
              {
                "service_ipv4_cidr": "172.20.0.0/16"
              }
            ],
            "name": "aws-eks-cluster",
            "platform_version": "eks.3",
            "role_arn": "arn:aws:iam::092592202483:role/aws-eks-cluster20211120224106879900000002",
            "status": "ACTIVE",
            "tags": {},
            "version": "1.21",
            "vpc_config": [
              {
                "cluster_security_group_id": "sg-08d377b2ceaf149f4",
                "endpoint_private_access": false,
                "endpoint_public_access": true,
                "public_access_cidrs": [
                  "0.0.0.0/0"
                ],
                "security_group_ids": [
                  "sg-0754126ee5692d89b"
                ],
                "subnet_ids": [
                  "subnet-06f44cd8589f6965e",
                  "subnet-0e6fc06bb5b06cec4"
                ],
                "vpc_id": "vpc-0b813675c87f3825c"
              }
            ]
          },
          "sensitive_attributes": []
        }
      ]
    },
    {
      "module": "module.eks",
      "mode": "data",
      "type": "aws_eks_cluster_auth",
      "name": "eks",
      "provider": "provider[\"registry.terraform.io/hashicorp/aws\"]",
      "instances": [
        {
          "schema_version": 0,
          "attributes": {
            "id": "aws-eks-cluster",
            "name": "aws-eks-cluster",
            "token": "k8s-aws-v1.aHR0cHM6Ly9zdHMuYW1hem9uYXdzLmNvbS8_QWN0aW9uPUdldENhbGxlcklkZW50aXR5JlZlcnNpb249MjAxMS0wNi0xNSZYLUFtei1BbGdvcml0aG09QVdTNC1ITUFDLVNIQTI1NiZYLUFtei1DcmVkZW50aWFsPUFLSUFSTERYTTRMWlVRU1ZaUllDJTJGMjAyMTExMjElMkZ1cy1lYXN0LTElMkZzdHMlMkZhd3M0X3JlcXVlc3QmWC1BbXotRGF0ZT0yMDIxMTEyMVQxODQ5MjZaJlgtQW16LUV4cGlyZXM9MCZYLUFtei1TaWduZWRIZWFkZXJzPWhvc3QlM0J4LWs4cy1hd3MtaWQmWC1BbXotU2lnbmF0dXJlPTQ5MGEyNjNiN2U2Y2FjNDY5ZmI0ZTA5OTQ1ZDU2MjllMGEyY2Y3NjE3ZWNiOTMyY2VmNzMzNDc2Mzg2MWQ5NDg"
          },
          "sensitive_attributes": []
        }
      ]
    },
    {
      "module": "module.eks.module.eks",
      "mode": "data",
      "type": "aws_ami",
      "name": "eks_worker",
      "provider": "provider[\"registry.terraform.io/hashicorp/aws\"]",
      "instances": [
        {
          "index_key": 0,
          "schema_version": 0,
          "attributes": {
            "architecture": "x86_64",
            "arn": "arn:aws:ec2:us-east-1::image/ami-00836a7940260f6dd",
            "block_device_mappings": [
              {
                "device_name": "/dev/xvda",
                "ebs": {
                  "delete_on_termination": "true",
                  "encrypted": "false",
                  "iops": "0",
                  "snapshot_id": "snap-0d96028c8f44eafdd",
                  "throughput": "0",
                  "volume_size": "20",
                  "volume_type": "gp2"
                },
                "no_device": "",
                "virtual_name": ""
              }
            ],
            "creation_date": "2021-11-18T03:56:29.000Z",
            "description": "EKS Kubernetes Worker AMI with AmazonLinux2 image, (k8s: 1.21.5, docker: 20.10.7-5.amzn2, containerd: 1.4.6-7.amzn2)",
            "ena_support": true,
            "executable_users": null,
            "filter": [
              {
                "name": "name",
                "values": [
                  "amazon-eks-node-1.21-v*"
                ]
              }
            ],
            "hypervisor": "xen",
            "id": "ami-00836a7940260f6dd",
            "image_id": "ami-00836a7940260f6dd",
            "image_location": "amazon/amazon-eks-node-1.21-v20211117",
            "image_owner_alias": "amazon",
            "image_type": "machine",
            "kernel_id": null,
            "most_recent": true,
            "name": "amazon-eks-node-1.21-v20211117",
            "name_regex": null,
            "owner_id": "602401143452",
            "owners": [
              "amazon"
            ],
            "platform": null,
            "platform_details": "Linux/UNIX",
            "product_codes": [],
            "public": true,
            "ramdisk_id": null,
            "root_device_name": "/dev/xvda",
            "root_device_type": "ebs",
            "root_snapshot_id": "snap-0d96028c8f44eafdd",
            "sriov_net_support": "simple",
            "state": "available",
            "state_reason": {
              "code": "UNSET",
              "message": "UNSET"
            },
            "tags": {},
            "usage_operation": "RunInstances",
            "virtualization_type": "hvm"
          },
          "sensitive_attributes": []
        }
      ]
    },
    {
      "module": "module.eks.module.eks",
      "mode": "data",
      "type": "aws_caller_identity",
      "name": "current",
      "provider": "provider[\"registry.terraform.io/hashicorp/aws\"]",
      "instances": [
        {
          "schema_version": 0,
          "attributes": {
            "account_id": "092592202483",
            "arn": "arn:aws:iam::092592202483:user/dlifanov",
            "id": "092592202483",
            "user_id": "AIDARLDXM4LZVYNQJSQF5"
          },
          "sensitive_attributes": []
        }
      ]
    },
    {
      "module": "module.eks.module.eks",
      "mode": "data",
      "type": "aws_iam_policy_document",
      "name": "cluster_assume_role_policy",
      "provider": "provider[\"registry.terraform.io/hashicorp/aws\"]",
      "instances": [
        {
          "schema_version": 0,
          "attributes": {
            "id": "2764486067",
            "json": "{\n  \"Version\": \"2012-10-17\",\n  \"Statement\": [\n    {\n      \"Sid\": \"EKSClusterAssumeRole\",\n      \"Effect\": \"Allow\",\n      \"Action\": \"sts:AssumeRole\",\n      \"Principal\": {\n        \"Service\": \"eks.amazonaws.com\"\n      }\n    }\n  ]\n}",
            "override_json": null,
            "override_policy_documents": null,
            "policy_id": null,
            "source_json": null,
            "source_policy_documents": null,
            "statement": [
              {
                "actions": [
                  "sts:AssumeRole"
                ],
                "condition": [],
                "effect": "Allow",
                "not_actions": [],
                "not_principals": [],
                "not_resources": [],
                "principals": [
                  {
                    "identifiers": [
                      "eks.amazonaws.com"
                    ],
                    "type": "Service"
                  }
                ],
                "resources": [],
                "sid": "EKSClusterAssumeRole"
              }
            ],
            "version": "2012-10-17"
          },
          "sensitive_attributes": []
        }
      ]
    },
    {
      "module": "module.eks.module.eks",
      "mode": "data",
      "type": "aws_iam_policy_document",
      "name": "cluster_elb_sl_role_creation",
      "provider": "provider[\"registry.terraform.io/hashicorp/aws\"]",
      "instances": [
        {
          "index_key": 0,
          "schema_version": 0,
          "attributes": {
            "id": "3709839417",
            "json": "{\n  \"Version\": \"2012-10-17\",\n  \"Statement\": [\n    {\n      \"Sid\": \"\",\n      \"Effect\": \"Allow\",\n      \"Action\": [\n        \"ec2:DescribeInternetGateways\",\n        \"ec2:DescribeAddresses\",\n        \"ec2:DescribeAccountAttributes\"\n      ],\n      \"Resource\": \"*\"\n    }\n  ]\n}",
            "override_json": null,
            "override_policy_documents": null,
            "policy_id": null,
            "source_json": null,
            "source_policy_documents": null,
            "statement": [
              {
                "actions": [
                  "ec2:DescribeAccountAttributes",
                  "ec2:DescribeAddresses",
                  "ec2:DescribeInternetGateways"
                ],
                "condition": [],
                "effect": "Allow",
                "not_actions": [],
                "not_principals": [],
                "not_resources": [],
                "principals": [],
                "resources": [
                  "*"
                ],
                "sid": ""
              }
            ],
            "version": "2012-10-17"
          },
          "sensitive_attributes": []
        }
      ]
    },
    {
      "module": "module.eks.module.eks",
      "mode": "data",
      "type": "aws_iam_policy_document",
      "name": "workers_assume_role_policy",
      "provider": "provider[\"registry.terraform.io/hashicorp/aws\"]",
      "instances": [
        {
          "schema_version": 0,
          "attributes": {
            "id": "3778018924",
            "json": "{\n  \"Version\": \"2012-10-17\",\n  \"Statement\": [\n    {\n      \"Sid\": \"EKSWorkerAssumeRole\",\n      \"Effect\": \"Allow\",\n      \"Action\": \"sts:AssumeRole\",\n      \"Principal\": {\n        \"Service\": \"ec2.amazonaws.com\"\n      }\n    }\n  ]\n}",
            "override_json": null,
            "override_policy_documents": null,
            "policy_id": null,
            "source_json": null,
            "source_policy_documents": null,
            "statement": [
              {
                "actions": [
                  "sts:AssumeRole"
                ],
                "condition": [],
                "effect": "Allow",
                "not_actions": [],
                "not_principals": [],
                "not_resources": [],
                "principals": [
                  {
                    "identifiers": [
                      "ec2.amazonaws.com"
                    ],
                    "type": "Service"
                  }
                ],
                "resources": [],
                "sid": "EKSWorkerAssumeRole"
              }
            ],
            "version": "2012-10-17"
          },
          "sensitive_attributes": []
        }
      ]
    },
    {
      "module": "module.eks.module.eks",
      "mode": "data",
      "type": "aws_partition",
      "name": "current",
      "provider": "provider[\"registry.terraform.io/hashicorp/aws\"]",
      "instances": [
        {
          "schema_version": 0,
          "attributes": {
            "dns_suffix": "amazonaws.com",
            "id": "aws",
            "partition": "aws",
            "reverse_dns_prefix": "com.amazonaws"
          },
          "sensitive_attributes": []
        }
      ]
    },
    {
      "module": "module.eks.module.eks",
      "mode": "data",
      "type": "http",
      "name": "wait_for_cluster",
      "provider": "provider[\"registry.terraform.io/terraform-aws-modules/http\"]",
      "instances": [
        {
          "index_key": 0,
          "schema_version": 0,
          "attributes": {
            "body": "ok",
            "ca_certificate": "-----BEGIN CERTIFICATE-----\nMIIC5zCCAc+gAwIBAgIBADANBgkqhkiG9w0BAQsFADAVMRMwEQYDVQQDEwprdWJl\ncm5ldGVzMB4XDTIxMTEyMDIyNDkwMFoXDTMxMTExODIyNDkwMFowFTETMBEGA1UE\nAxMKa3ViZXJuZXRlczCCASIwDQYJKoZIhvcNAQEBBQADggEPADCCAQoCggEBANin\n9Wd24GCcN4joB9q18Vmuq6VRbg7q9TP6ph/RbPgADGEim58yz19sTaThjiew9G5v\ngoaN+ACfYPfiW1aSE3qE2POcrbh+n7b4KJPjk6asKASzrjqmkKOyrYN1YZ9AcyDB\nKjwxcfwSbMtu1VBYIpf9RUts6UXfBcL1FQFVl1Esxy2dXnALJ8OzthJ0ND7XcrVx\nt5f6yQwlp2cYxwSnQKE2fmDFC6KqyEtSWLkUSIB8OWaQd4mohi0el+G1wL6Szmxi\nJPl2mRqTkmftgaZ41iRwGxfu5I7MiaA1aFwxHtPZuihEN8TtvGSG4u4HQv9wAEcs\njL2AE3jYQ/muFFA58DMCAwEAAaNCMEAwDgYDVR0PAQH/BAQDAgKkMA8GA1UdEwEB\n/wQFMAMBAf8wHQYDVR0OBBYEFKMZljjpxVbKUNGPC0R2dfG+yjDlMA0GCSqGSIb3\nDQEBCwUAA4IBAQDYM1xgUnKOs4eVWaoBKpi+xYvGM0DGAvVPu1EhYGXQnE/B3MIm\nNg6ojsF3E7q37pEc/suVm/F4HnRL4sUsJWRFQ4WOvscH3JFEGt33OkoBSRUmEciJ\nL51cQaHe6YlPcM+Yz1nEnFyifrptF35SnenvsaaPr/4SYJbiNrh3XgjU7144UZXT\nqXXyE5aABL4w6paa59uoKgqS4wbIZnGvCAiOFKGrHkvozsD72FH2WsvlIy4+4YZx\neHRMtI5Kc0EwgMTHlJ1V2YbmrTBbYnAP0DrDiJr41w1ycept9ebbAI3oUhTNgdBZ\n1smrYRzi88FtcWMKw1ILq8kntaVs3FfaVnge\n-----END CERTIFICATE-----\n",
            "id": "https://D986122F510C53FB676A4F0E436AE494.gr7.us-east-1.eks.amazonaws.com/healthz",
            "insecure": false,
            "request_headers": null,
            "response_headers": {
              "Cache-Control": "no-cache, private",
              "Content-Length": "2",
              "Content-Type": "text/plain; charset=utf-8",
              "Date": "Sun, 21 Nov 2021 18:49:26 GMT",
              "X-Content-Type-Options": "nosniff",
              "X-Kubernetes-Pf-Flowschema-Uid": "cee15c84-e3c8-43e0-8560-8f90fb5fefff",
              "X-Kubernetes-Pf-Prioritylevel-Uid": "495cd964-7605-461d-b742-020a270fc7b2"
            },
            "timeout": 300,
            "url": "https://D986122F510C53FB676A4F0E436AE494.gr7.us-east-1.eks.amazonaws.com/healthz"
          },
          "sensitive_attributes": []
        }
      ]
    },
    {
      "module": "module.eks.module.eks",
      "mode": "managed",
      "type": "aws_autoscaling_group",
      "name": "workers",
      "provider": "provider[\"registry.terraform.io/hashicorp/aws\"]",
      "instances": [
        {
          "index_key": 0,
          "schema_version": 0,
          "attributes": {
            "arn": "arn:aws:autoscaling:us-east-1:092592202483:autoScalingGroup:6ee28ade-fe18-42a0-a5ab-43e7bedafaa8:autoScalingGroupName/aws-eks-cluster-02021112022535107020000000f",
            "availability_zones": [
              "us-east-1a",
              "us-east-1b"
            ],
            "capacity_rebalance": false,
            "default_cooldown": 300,
            "desired_capacity": 1,
            "enabled_metrics": [],
            "force_delete": false,
            "force_delete_warm_pool": false,
            "health_check_grace_period": 300,
            "health_check_type": "EC2",
            "id": "aws-eks-cluster-02021112022535107020000000f",
            "initial_lifecycle_hook": [],
            "instance_refresh": [],
            "launch_configuration": "aws-eks-cluster-02021112022534111950000000e",
            "launch_template": [],
            "load_balancers": [],
            "max_instance_lifetime": 0,
            "max_size": 5,
            "metrics_granularity": "1Minute",
            "min_elb_capacity": null,
            "min_size": 1,
            "mixed_instances_policy": [],
            "name": "aws-eks-cluster-02021112022535107020000000f",
            "name_prefix": "aws-eks-cluster-0",
            "placement_group": "",
            "protect_from_scale_in": false,
            "service_linked_role_arn": "arn:aws:iam::092592202483:role/aws-service-role/autoscaling.amazonaws.com/AWSServiceRoleForAutoScaling",
            "suspended_processes": [
              "AZRebalance"
            ],
            "tag": [
              {
                "key": "Name",
                "propagate_at_launch": true,
                "value": "aws-eks-cluster-0-eks_asg"
              },
              {
                "key": "k8s.io/cluster/aws-eks-cluster",
                "propagate_at_launch": true,
                "value": "owned"
              },
              {
                "key": "kubernetes.io/cluster/aws-eks-cluster",
                "propagate_at_launch": true,
                "value": "owned"
              }
            ],
            "tags": null,
            "target_group_arns": [],
            "termination_policies": [],
            "timeouts": null,
            "vpc_zone_identifier": [
              "subnet-06f44cd8589f6965e",
              "subnet-0e6fc06bb5b06cec4"
            ],
            "wait_for_capacity_timeout": "10m",
            "wait_for_elb_capacity": null,
            "warm_pool": []
          },
          "sensitive_attributes": [],
          "private": "eyJlMmJmYjczMC1lY2FhLTExZTYtOGY4OC0zNDM2M2JjN2M0YzAiOnsiZGVsZXRlIjo2MDAwMDAwMDAwMDB9fQ==",
          "dependencies": [
            "module.eks.module.eks.aws_security_group_rule.workers_egress_internet",
            "module.eks.module.eks.aws_security_group_rule.workers_ingress_cluster_https",
            "module.eks.module.eks.aws_security_group_rule.workers_ingress_cluster_primary",
            "module.eks.module.eks.aws_security_group.cluster",
            "module.eks.module.eks.aws_security_group.workers",
            "module.vpc.module.vpc.aws_vpc.default",
            "module.eks.module.eks.aws_iam_role_policy_attachment.workers_AmazonEC2ContainerRegistryReadOnly",
            "module.eks.module.eks.data.aws_ami.eks_worker_windows",
            "module.eks.module.eks.aws_security_group_rule.cluster_primary_ingress_workers",
            "module.eks.module.eks.aws_cloudwatch_log_group.this",
            "module.eks.module.eks.aws_launch_configuration.workers",
            "module.eks.module.eks.aws_security_group_rule.cluster_egress_internet",
            "module.eks.module.eks.data.aws_iam_role.custom_cluster_iam_role",
            "module.vpc.module.vpc.aws_subnet.private_prod",
            "module.eks.module.eks.aws_eks_cluster.this",
            "module.eks.module.eks.aws_iam_role.cluster",
            "module.eks.module.eks.data.aws_iam_instance_profile.custom_worker_group_iam_instance_profile",
            "module.eks.module.eks.aws_iam_role_policy_attachment.cluster_AmazonEKSVPCResourceControllerPolicy",
            "module.eks.module.eks.aws_iam_role_policy_attachment.workers_additional_policies",
            "module.eks.module.eks.data.aws_partition.current",
            "module.eks.module.eks.aws_iam_instance_profile.workers",
            "module.eks.module.eks.data.aws_iam_policy_document.cluster_assume_role_policy",
            "module.eks.module.eks.aws_iam_role_policy_attachment.workers_AmazonEKS_CNI_Policy",
            "module.eks.module.eks.aws_security_group_rule.cluster_https_worker_ingress",
            "module.eks.module.eks.aws_security_group_rule.workers_ingress_cluster",
            "module.eks.module.eks.aws_security_group_rule.workers_ingress_self",
            "module.eks.module.eks.data.aws_ami.eks_worker",
            "module.eks.module.eks.data.aws_iam_policy_document.workers_assume_role_policy",
            "module.eks.module.eks.aws_iam_role.workers",
            "module.eks.module.eks.aws_iam_role_policy_attachment.workers_AmazonEKSWorkerNodePolicy",
            "module.eks.module.eks.aws_security_group_rule.workers_ingress_cluster_kubelet",
            "module.eks.module.eks.aws_iam_role_policy_attachment.cluster_AmazonEKSClusterPolicy",
            "module.eks.module.eks.aws_iam_role_policy_attachment.cluster_AmazonEKSServicePolicy"
          ],
          "create_before_destroy": true
        }
      ]
    },
    {
      "module": "module.eks.module.eks",
      "mode": "managed",
      "type": "aws_eks_cluster",
      "name": "this",
      "provider": "provider[\"registry.terraform.io/hashicorp/aws\"]",
      "instances": [
        {
          "index_key": 0,
          "schema_version": 0,
          "attributes": {
            "arn": "arn:aws:eks:us-east-1:092592202483:cluster/aws-eks-cluster",
            "certificate_authority": [
              {
                "data": "LS0tLS1CRUdJTiBDRVJUSUZJQ0FURS0tLS0tCk1JSUM1ekNDQWMrZ0F3SUJBZ0lCQURBTkJna3Foa2lHOXcwQkFRc0ZBREFWTVJNd0VRWURWUVFERXdwcmRXSmwKY201bGRHVnpNQjRYRFRJeE1URXlNREl5TkRrd01Gb1hEVE14TVRFeE9ESXlORGt3TUZvd0ZURVRNQkVHQTFVRQpBeE1LYTNWaVpYSnVaWFJsY3pDQ0FTSXdEUVlKS29aSWh2Y05BUUVCQlFBRGdnRVBBRENDQVFvQ2dnRUJBTmluCjlXZDI0R0NjTjRqb0I5cTE4Vm11cTZWUmJnN3E5VFA2cGgvUmJQZ0FER0VpbTU4eXoxOXNUYVRoamlldzlHNXYKZ29hTitBQ2ZZUGZpVzFhU0UzcUUyUE9jcmJoK243YjRLSlBqazZhc0tBU3pyanFta0tPeXJZTjFZWjlBY3lEQgpLand4Y2Z3U2JNdHUxVkJZSXBmOVJVdHM2VVhmQmNMMUZRRlZsMUVzeHkyZFhuQUxKOE96dGhKME5EN1hjclZ4CnQ1ZjZ5UXdscDJjWXh3U25RS0UyZm1ERkM2S3F5RXRTV0xrVVNJQjhPV2FRZDRtb2hpMGVsK0cxd0w2U3pteGkKSlBsMm1ScVRrbWZ0Z2FaNDFpUndHeGZ1NUk3TWlhQTFhRnd4SHRQWnVpaEVOOFR0dkdTRzR1NEhRdjl3QUVjcwpqTDJBRTNqWVEvbXVGRkE1OERNQ0F3RUFBYU5DTUVBd0RnWURWUjBQQVFIL0JBUURBZ0trTUE4R0ExVWRFd0VCCi93UUZNQU1CQWY4d0hRWURWUjBPQkJZRUZLTVpsampweFZiS1VOR1BDMFIyZGZHK3lqRGxNQTBHQ1NxR1NJYjMKRFFFQkN3VUFBNElCQVFEWU0xeGdVbktPczRlVldhb0JLcGkreFl2R00wREdBdlZQdTFFaFlHWFFuRS9CM01JbQpOZzZvanNGM0U3cTM3cEVjL3N1Vm0vRjRIblJMNHNVc0pXUkZRNFdPdnNjSDNKRkVHdDMzT2tvQlNSVW1FY2lKCkw1MWNRYUhlNllsUGNNK1l6MW5FbkZ5aWZycHRGMzVTbmVudnNhYVByLzRTWUpiaU5yaDNYZ2pVNzE0NFVaWFQKcVhYeUU1YUFCTDR3NnBhYTU5dW9LZ3FTNHdiSVpuR3ZDQWlPRktHckhrdm96c0Q3MkZIMldzdmxJeTQrNFlaeAplSFJNdEk1S2MwRXdnTVRIbEoxVjJZYm1yVEJiWW5BUDBEckRpSnI0MXcxeWNlcHQ5ZWJiQUkzb1VoVE5nZEJaCjFzbXJZUnppODhGdGNXTUt3MUlMcThrbnRhVnMzRmZhVm5nZQotLS0tLUVORCBDRVJUSUZJQ0FURS0tLS0tCg=="
              }
            ],
            "created_at": "2021-11-20 22:41:38.378 +0000 UTC",
            "enabled_cluster_log_types": [],
            "encryption_config": [],
            "endpoint": "https://D986122F510C53FB676A4F0E436AE494.gr7.us-east-1.eks.amazonaws.com",
            "id": "aws-eks-cluster",
            "identity": [
              {
                "oidc": [
                  {
                    "issuer": "https://oidc.eks.us-east-1.amazonaws.com/id/D986122F510C53FB676A4F0E436AE494"
                  }
                ]
              }
            ],
            "kubernetes_network_config": [
              {
                "service_ipv4_cidr": "172.20.0.0/16"
              }
            ],
            "name": "aws-eks-cluster",
            "platform_version": "eks.3",
            "role_arn": "arn:aws:iam::092592202483:role/aws-eks-cluster20211120224106879900000002",
            "status": "ACTIVE",
            "tags": {},
            "tags_all": {},
            "timeouts": {
              "create": "30m",
              "delete": "15m",
              "update": "60m"
            },
            "version": "1.21",
            "vpc_config": [
              {
                "cluster_security_group_id": "sg-08d377b2ceaf149f4",
                "endpoint_private_access": false,
                "endpoint_public_access": true,
                "public_access_cidrs": [
                  "0.0.0.0/0"
                ],
                "security_group_ids": [
                  "sg-0754126ee5692d89b"
                ],
                "subnet_ids": [
                  "subnet-06f44cd8589f6965e",
                  "subnet-0e6fc06bb5b06cec4"
                ],
                "vpc_id": "vpc-0b813675c87f3825c"
              }
            ]
          },
          "sensitive_attributes": [],
          "private": "eyJlMmJmYjczMC1lY2FhLTExZTYtOGY4OC0zNDM2M2JjN2M0YzAiOnsiY3JlYXRlIjoxODAwMDAwMDAwMDAwLCJkZWxldGUiOjkwMDAwMDAwMDAwMCwidXBkYXRlIjozNjAwMDAwMDAwMDAwfX0=",
          "dependencies": [
            "module.eks.module.eks.aws_iam_role.cluster",
            "module.eks.module.eks.aws_iam_role_policy_attachment.cluster_AmazonEKSServicePolicy",
            "module.eks.module.eks.aws_iam_role_policy_attachment.cluster_AmazonEKSVPCResourceControllerPolicy",
            "module.eks.module.eks.aws_security_group.cluster",
            "module.eks.module.eks.data.aws_iam_role.custom_cluster_iam_role",
            "module.eks.module.eks.aws_iam_role_policy_attachment.cluster_AmazonEKSClusterPolicy",
            "module.eks.module.eks.aws_cloudwatch_log_group.this",
            "module.eks.module.eks.aws_security_group.workers",
            "module.vpc.module.vpc.aws_subnet.private_prod",
            "module.vpc.module.vpc.aws_vpc.default",
            "module.eks.module.eks.aws_security_group_rule.cluster_egress_internet",
            "module.eks.module.eks.aws_security_group_rule.cluster_https_worker_ingress",
            "module.eks.module.eks.data.aws_iam_policy_document.cluster_assume_role_policy",
            "module.eks.module.eks.data.aws_partition.current"
          ],
          "create_before_destroy": true
        }
      ]
    },
    {
      "module": "module.eks.module.eks",
      "mode": "managed",
      "type": "aws_iam_instance_profile",
      "name": "workers",
      "provider": "provider[\"registry.terraform.io/hashicorp/aws\"]",
      "instances": [
        {
          "index_key": 0,
          "schema_version": 0,
          "attributes": {
            "arn": "arn:aws:iam::092592202483:instance-profile/aws-eks-cluster2021112022533951650000000a",
            "create_date": "2021-11-20T22:53:39Z",
            "id": "aws-eks-cluster2021112022533951650000000a",
            "name": "aws-eks-cluster2021112022533951650000000a",
            "name_prefix": "aws-eks-cluster",
            "path": "/",
            "role": "aws-eks-cluster20211120225337237600000009",
            "tags": {},
            "tags_all": {},
            "unique_id": "AIPARLDXM4LZQS4SMI3WA"
          },
          "sensitive_attributes": [],
          "private": "bnVsbA==",
          "dependencies": [
            "module.eks.module.eks.aws_iam_role_policy_attachment.cluster_AmazonEKSVPCResourceControllerPolicy",
            "module.vpc.module.vpc.aws_vpc.default",
            "module.eks.module.eks.aws_eks_cluster.this",
            "module.eks.module.eks.aws_iam_role.workers",
            "module.eks.module.eks.aws_iam_role_policy_attachment.cluster_AmazonEKSServicePolicy",
            "module.eks.module.eks.aws_security_group.cluster",
            "module.eks.module.eks.aws_security_group.workers",
            "module.eks.module.eks.aws_security_group_rule.cluster_https_worker_ingress",
            "module.eks.module.eks.data.aws_iam_role.custom_cluster_iam_role",
            "module.eks.module.eks.data.aws_partition.current",
            "module.vpc.module.vpc.aws_subnet.private_prod",
            "module.eks.module.eks.aws_cloudwatch_log_group.this",
            "module.eks.module.eks.aws_iam_role_policy_attachment.cluster_AmazonEKSClusterPolicy",
            "module.eks.module.eks.data.aws_iam_policy_document.cluster_assume_role_policy",
            "module.eks.module.eks.data.aws_iam_policy_document.workers_assume_role_policy",
            "module.eks.module.eks.aws_iam_role.cluster",
            "module.eks.module.eks.aws_security_group_rule.cluster_egress_internet"
          ],
          "create_before_destroy": true
        }
      ]
    },
    {
      "module": "module.eks.module.eks",
      "mode": "managed",
      "type": "aws_iam_policy",
      "name": "cluster_elb_sl_role_creation",
      "provider": "provider[\"registry.terraform.io/hashicorp/aws\"]",
      "instances": [
        {
          "index_key": 0,
          "schema_version": 0,
          "attributes": {
            "arn": "arn:aws:iam::092592202483:policy/aws-eks-cluster-elb-sl-role-creation20211120224106879800000001",
            "description": "Permissions for EKS to create AWSServiceRoleForElasticLoadBalancing service-linked role",
            "id": "arn:aws:iam::092592202483:policy/aws-eks-cluster-elb-sl-role-creation20211120224106879800000001",
            "name": "aws-eks-cluster-elb-sl-role-creation20211120224106879800000001",
            "name_prefix": "aws-eks-cluster-elb-sl-role-creation",
            "path": "/",
            "policy": "{\n  \"Version\": \"2012-10-17\",\n  \"Statement\": [\n    {\n      \"Sid\": \"\",\n      \"Effect\": \"Allow\",\n      \"Action\": [\n        \"ec2:DescribeInternetGateways\",\n        \"ec2:DescribeAddresses\",\n        \"ec2:DescribeAccountAttributes\"\n      ],\n      \"Resource\": \"*\"\n    }\n  ]\n}",
            "policy_id": "ANPARLDXM4LZZEYLKLHKI",
            "tags": {},
            "tags_all": {}
          },
          "sensitive_attributes": [],
          "private": "bnVsbA==",
          "dependencies": [
            "module.eks.module.eks.data.aws_iam_policy_document.cluster_elb_sl_role_creation"
          ]
        }
      ]
    },
    {
      "module": "module.eks.module.eks",
      "mode": "managed",
      "type": "aws_iam_role",
      "name": "cluster",
      "provider": "provider[\"registry.terraform.io/hashicorp/aws\"]",
      "instances": [
        {
          "index_key": 0,
          "schema_version": 0,
          "attributes": {
            "arn": "arn:aws:iam::092592202483:role/aws-eks-cluster20211120224106879900000002",
            "assume_role_policy": "{\"Version\":\"2012-10-17\",\"Statement\":[{\"Sid\":\"EKSClusterAssumeRole\",\"Effect\":\"Allow\",\"Principal\":{\"Service\":\"eks.amazonaws.com\"},\"Action\":\"sts:AssumeRole\"}]}",
            "create_date": "2021-11-20T22:41:07Z",
            "description": "",
            "force_detach_policies": true,
            "id": "aws-eks-cluster20211120224106879900000002",
            "inline_policy": [
              {
                "name": "",
                "policy": ""
              }
            ],
            "managed_policy_arns": [
              "arn:aws:iam::092592202483:policy/aws-eks-cluster-elb-sl-role-creation20211120224106879800000001",
              "arn:aws:iam::aws:policy/AmazonEKSClusterPolicy",
              "arn:aws:iam::aws:policy/AmazonEKSServicePolicy",
              "arn:aws:iam::aws:policy/AmazonEKSVPCResourceController"
            ],
            "max_session_duration": 3600,
            "name": "aws-eks-cluster20211120224106879900000002",
            "name_prefix": "aws-eks-cluster",
            "path": "/",
            "permissions_boundary": null,
            "tags": {},
            "tags_all": {},
            "unique_id": "AROARLDXM4LZ3EOU2AULY"
          },
          "sensitive_attributes": [],
          "private": "bnVsbA==",
          "dependencies": [
            "module.eks.module.eks.data.aws_iam_policy_document.cluster_assume_role_policy"
          ],
          "create_before_destroy": true
        }
      ]
    },
    {
      "module": "module.eks.module.eks",
      "mode": "managed",
      "type": "aws_iam_role",
      "name": "workers",
      "provider": "provider[\"registry.terraform.io/hashicorp/aws\"]",
      "instances": [
        {
          "index_key": 0,
          "schema_version": 0,
          "attributes": {
            "arn": "arn:aws:iam::092592202483:role/aws-eks-cluster20211120225337237600000009",
            "assume_role_policy": "{\"Version\":\"2012-10-17\",\"Statement\":[{\"Sid\":\"EKSWorkerAssumeRole\",\"Effect\":\"Allow\",\"Principal\":{\"Service\":\"ec2.amazonaws.com\"},\"Action\":\"sts:AssumeRole\"}]}",
            "create_date": "2021-11-20T22:53:37Z",
            "description": "",
            "force_detach_policies": true,
            "id": "aws-eks-cluster20211120225337237600000009",
            "inline_policy": [
              {
                "name": "",
                "policy": ""
              }
            ],
            "managed_policy_arns": [
              "arn:aws:iam::aws:policy/AmazonEC2ContainerRegistryReadOnly",
              "arn:aws:iam::aws:policy/AmazonEKSWorkerNodePolicy",
              "arn:aws:iam::aws:policy/AmazonEKS_CNI_Policy"
            ],
            "max_session_duration": 3600,
            "name": "aws-eks-cluster20211120225337237600000009",
            "name_prefix": "aws-eks-cluster",
            "path": "/",
            "permissions_boundary": null,
            "tags": {},
            "tags_all": {},
            "unique_id": "AROARLDXM4LZ46NGDYK2P"
          },
          "sensitive_attributes": [],
          "private": "bnVsbA==",
          "dependencies": [
            "module.eks.module.eks.aws_security_group_rule.cluster_https_worker_ingress",
            "module.eks.module.eks.aws_iam_role_policy_attachment.cluster_AmazonEKSClusterPolicy",
            "module.eks.module.eks.aws_iam_role_policy_attachment.cluster_AmazonEKSServicePolicy",
            "module.eks.module.eks.aws_security_group_rule.cluster_egress_internet",
            "module.vpc.module.vpc.aws_vpc.default",
            "module.eks.module.eks.aws_eks_cluster.this",
            "module.eks.module.eks.aws_iam_role_policy_attachment.cluster_AmazonEKSVPCResourceControllerPolicy",
            "module.eks.module.eks.aws_security_group.workers",
            "module.eks.module.eks.data.aws_iam_policy_document.cluster_assume_role_policy",
            "module.eks.module.eks.data.aws_iam_policy_document.workers_assume_role_policy",
            "module.eks.module.eks.data.aws_iam_role.custom_cluster_iam_role",
            "module.eks.module.eks.aws_iam_role.cluster",
            "module.eks.module.eks.aws_security_group.cluster",
            "module.eks.module.eks.data.aws_partition.current",
            "module.vpc.module.vpc.aws_subnet.private_prod",
            "module.eks.module.eks.aws_cloudwatch_log_group.this"
          ],
          "create_before_destroy": true
        }
      ]
    },
    {
      "module": "module.eks.module.eks",
      "mode": "managed",
      "type": "aws_iam_role_policy_attachment",
      "name": "cluster_AmazonEKSClusterPolicy",
      "provider": "provider[\"registry.terraform.io/hashicorp/aws\"]",
      "instances": [
        {
          "index_key": 0,
          "schema_version": 0,
          "attributes": {
            "id": "aws-eks-cluster20211120224106879900000002-20211120224110640300000006",
            "policy_arn": "arn:aws:iam::aws:policy/AmazonEKSClusterPolicy",
            "role": "aws-eks-cluster20211120224106879900000002"
          },
          "sensitive_attributes": [],
          "private": "bnVsbA==",
          "dependencies": [
            "module.eks.module.eks.aws_iam_role.cluster",
            "module.eks.module.eks.data.aws_iam_policy_document.cluster_assume_role_policy",
            "module.eks.module.eks.data.aws_partition.current"
          ],
          "create_before_destroy": true
        }
      ]
    },
    {
      "module": "module.eks.module.eks",
      "mode": "managed",
      "type": "aws_iam_role_policy_attachment",
      "name": "cluster_AmazonEKSServicePolicy",
      "provider": "provider[\"registry.terraform.io/hashicorp/aws\"]",
      "instances": [
        {
          "index_key": 0,
          "schema_version": 0,
          "attributes": {
            "id": "aws-eks-cluster20211120224106879900000002-20211120224110617200000003",
            "policy_arn": "arn:aws:iam::aws:policy/AmazonEKSServicePolicy",
            "role": "aws-eks-cluster20211120224106879900000002"
          },
          "sensitive_attributes": [],
          "private": "bnVsbA==",
          "dependencies": [
            "module.eks.module.eks.data.aws_iam_policy_document.cluster_assume_role_policy",
            "module.eks.module.eks.data.aws_partition.current",
            "module.eks.module.eks.aws_iam_role.cluster"
          ],
          "create_before_destroy": true
        }
      ]
    },
    {
      "module": "module.eks.module.eks",
      "mode": "managed",
      "type": "aws_iam_role_policy_attachment",
      "name": "cluster_AmazonEKSVPCResourceControllerPolicy",
      "provider": "provider[\"registry.terraform.io/hashicorp/aws\"]",
      "instances": [
        {
          "index_key": 0,
          "schema_version": 0,
          "attributes": {
            "id": "aws-eks-cluster20211120224106879900000002-20211120224110620400000004",
            "policy_arn": "arn:aws:iam::aws:policy/AmazonEKSVPCResourceController",
            "role": "aws-eks-cluster20211120224106879900000002"
          },
          "sensitive_attributes": [],
          "private": "bnVsbA==",
          "dependencies": [
            "module.eks.module.eks.aws_iam_role.cluster",
            "module.eks.module.eks.data.aws_iam_policy_document.cluster_assume_role_policy",
            "module.eks.module.eks.data.aws_partition.current"
          ],
          "create_before_destroy": true
        }
      ]
    },
    {
      "module": "module.eks.module.eks",
      "mode": "managed",
      "type": "aws_iam_role_policy_attachment",
      "name": "cluster_elb_sl_role_creation",
      "provider": "provider[\"registry.terraform.io/hashicorp/aws\"]",
      "instances": [
        {
          "index_key": 0,
          "schema_version": 0,
          "attributes": {
            "id": "aws-eks-cluster20211120224106879900000002-20211120224110622300000005",
            "policy_arn": "arn:aws:iam::092592202483:policy/aws-eks-cluster-elb-sl-role-creation20211120224106879800000001",
            "role": "aws-eks-cluster20211120224106879900000002"
          },
          "sensitive_attributes": [],
          "private": "bnVsbA==",
          "dependencies": [
            "module.eks.module.eks.aws_iam_policy.cluster_elb_sl_role_creation",
            "module.eks.module.eks.aws_iam_role.cluster",
            "module.eks.module.eks.data.aws_iam_policy_document.cluster_assume_role_policy",
            "module.eks.module.eks.data.aws_iam_policy_document.cluster_elb_sl_role_creation"
          ]
        }
      ]
    },
    {
      "module": "module.eks.module.eks",
      "mode": "managed",
      "type": "aws_iam_role_policy_attachment",
      "name": "workers_AmazonEC2ContainerRegistryReadOnly",
      "provider": "provider[\"registry.terraform.io/hashicorp/aws\"]",
      "instances": [
        {
          "index_key": 0,
          "schema_version": 0,
          "attributes": {
            "id": "aws-eks-cluster20211120225337237600000009-2021112022534007860000000d",
            "policy_arn": "arn:aws:iam::aws:policy/AmazonEC2ContainerRegistryReadOnly",
            "role": "aws-eks-cluster20211120225337237600000009"
          },
          "sensitive_attributes": [],
          "private": "bnVsbA==",
          "dependencies": [
            "module.eks.module.eks.data.aws_partition.current",
            "module.eks.module.eks.aws_iam_role.cluster",
            "module.eks.module.eks.data.aws_iam_policy_document.cluster_assume_role_policy",
            "module.eks.module.eks.data.aws_iam_policy_document.workers_assume_role_policy",
            "module.eks.module.eks.data.aws_iam_role.custom_cluster_iam_role",
            "module.eks.module.eks.aws_cloudwatch_log_group.this",
            "module.eks.module.eks.aws_security_group.workers",
            "module.eks.module.eks.aws_security_group_rule.cluster_egress_internet",
            "module.eks.module.eks.aws_security_group_rule.cluster_https_worker_ingress",
            "module.vpc.module.vpc.aws_subnet.private_prod",
            "module.eks.module.eks.aws_eks_cluster.this",
            "module.eks.module.eks.aws_iam_role_policy_attachment.cluster_AmazonEKSServicePolicy",
            "module.eks.module.eks.aws_iam_role_policy_attachment.cluster_AmazonEKSVPCResourceControllerPolicy",
            "module.eks.module.eks.aws_security_group.cluster",
            "module.eks.module.eks.aws_iam_role.workers",
            "module.eks.module.eks.aws_iam_role_policy_attachment.cluster_AmazonEKSClusterPolicy",
            "module.vpc.module.vpc.aws_vpc.default"
          ],
          "create_before_destroy": true
        }
      ]
    },
    {
      "module": "module.eks.module.eks",
      "mode": "managed",
      "type": "aws_iam_role_policy_attachment",
      "name": "workers_AmazonEKSWorkerNodePolicy",
      "provider": "provider[\"registry.terraform.io/hashicorp/aws\"]",
      "instances": [
        {
          "index_key": 0,
          "schema_version": 0,
          "attributes": {
            "id": "aws-eks-cluster20211120225337237600000009-2021112022534007790000000c",
            "policy_arn": "arn:aws:iam::aws:policy/AmazonEKSWorkerNodePolicy",
            "role": "aws-eks-cluster20211120225337237600000009"
          },
          "sensitive_attributes": [],
          "private": "bnVsbA==",
          "dependencies": [
            "module.eks.module.eks.data.aws_partition.current",
            "module.eks.module.eks.aws_cloudwatch_log_group.this",
            "module.eks.module.eks.aws_security_group_rule.cluster_https_worker_ingress",
            "module.eks.module.eks.data.aws_iam_policy_document.workers_assume_role_policy",
            "module.eks.module.eks.aws_iam_role.workers",
            "module.eks.module.eks.aws_iam_role_policy_attachment.cluster_AmazonEKSServicePolicy",
            "module.eks.module.eks.aws_iam_role_policy_attachment.cluster_AmazonEKSVPCResourceControllerPolicy",
            "module.eks.module.eks.data.aws_iam_role.custom_cluster_iam_role",
            "module.eks.module.eks.aws_security_group.cluster",
            "module.eks.module.eks.aws_security_group_rule.cluster_egress_internet",
            "module.eks.module.eks.data.aws_iam_policy_document.cluster_assume_role_policy",
            "module.eks.module.eks.aws_security_group.workers",
            "module.vpc.module.vpc.aws_subnet.private_prod",
            "module.vpc.module.vpc.aws_vpc.default",
            "module.eks.module.eks.aws_eks_cluster.this",
            "module.eks.module.eks.aws_iam_role.cluster",
            "module.eks.module.eks.aws_iam_role_policy_attachment.cluster_AmazonEKSClusterPolicy"
          ],
          "create_before_destroy": true
        }
      ]
    },
    {
      "module": "module.eks.module.eks",
      "mode": "managed",
      "type": "aws_iam_role_policy_attachment",
      "name": "workers_AmazonEKS_CNI_Policy",
      "provider": "provider[\"registry.terraform.io/hashicorp/aws\"]",
      "instances": [
        {
          "index_key": 0,
          "schema_version": 0,
          "attributes": {
            "id": "aws-eks-cluster20211120225337237600000009-2021112022534004940000000b",
            "policy_arn": "arn:aws:iam::aws:policy/AmazonEKS_CNI_Policy",
            "role": "aws-eks-cluster20211120225337237600000009"
          },
          "sensitive_attributes": [],
          "private": "bnVsbA==",
          "dependencies": [
            "module.eks.module.eks.aws_cloudwatch_log_group.this",
            "module.eks.module.eks.aws_iam_role_policy_attachment.cluster_AmazonEKSVPCResourceControllerPolicy",
            "module.eks.module.eks.aws_security_group.workers",
            "module.vpc.module.vpc.aws_vpc.default",
            "module.eks.module.eks.aws_iam_role.workers",
            "module.eks.module.eks.aws_security_group.cluster",
            "module.eks.module.eks.aws_security_group_rule.cluster_egress_internet",
            "module.vpc.module.vpc.aws_subnet.private_prod",
            "module.eks.module.eks.aws_iam_role_policy_attachment.cluster_AmazonEKSClusterPolicy",
            "module.eks.module.eks.aws_security_group_rule.cluster_https_worker_ingress",
            "module.eks.module.eks.data.aws_iam_policy_document.workers_assume_role_policy",
            "module.eks.module.eks.aws_eks_cluster.this",
            "module.eks.module.eks.aws_iam_role.cluster",
            "module.eks.module.eks.aws_iam_role_policy_attachment.cluster_AmazonEKSServicePolicy",
            "module.eks.module.eks.data.aws_iam_policy_document.cluster_assume_role_policy",
            "module.eks.module.eks.data.aws_iam_role.custom_cluster_iam_role",
            "module.eks.module.eks.data.aws_partition.current"
          ],
          "create_before_destroy": true
        }
      ]
    },
    {
      "module": "module.eks.module.eks",
      "mode": "managed",
      "type": "aws_launch_configuration",
      "name": "workers",
      "provider": "provider[\"registry.terraform.io/hashicorp/aws\"]",
      "instances": [
        {
          "index_key": 0,
          "schema_version": 0,
          "attributes": {
            "arn": "arn:aws:autoscaling:us-east-1:092592202483:launchConfiguration:a76d237c-237b-4233-97a1-81ebec11bb8a:launchConfigurationName/aws-eks-cluster-02021112022534111950000000e",
            "associate_public_ip_address": false,
            "ebs_block_device": [],
            "ebs_optimized": true,
            "enable_monitoring": true,
            "ephemeral_block_device": [],
            "iam_instance_profile": "aws-eks-cluster2021112022533951650000000a",
            "id": "aws-eks-cluster-02021112022534111950000000e",
            "image_id": "ami-00836a7940260f6dd",
            "instance_type": "t3.small",
            "key_name": "",
            "metadata_options": [
              {
                "http_endpoint": "enabled",
                "http_put_response_hop_limit": 1,
                "http_tokens": "optional"
              }
            ],
            "name": "aws-eks-cluster-02021112022534111950000000e",
            "name_prefix": "aws-eks-cluster-0",
            "placement_tenancy": "",
            "root_block_device": [
              {
                "delete_on_termination": true,
                "encrypted": false,
                "iops": 0,
                "throughput": 0,
                "volume_size": 100,
                "volume_type": "gp2"
              }
            ],
            "security_groups": [
              "sg-09ae7d81d90a7a3bd"
            ],
            "spot_price": "",
            "user_data": null,
            "user_data_base64": "IyEvYmluL2Jhc2ggLWUKCiMgQWxsb3cgdXNlciBzdXBwbGllZCBwcmUgdXNlcmRhdGEgY29kZQoKCiMgQm9vdHN0cmFwIGFuZCBqb2luIHRoZSBjbHVzdGVyCi9ldGMvZWtzL2Jvb3RzdHJhcC5zaCAtLWI2NC1jbHVzdGVyLWNhICdMUzB0TFMxQ1JVZEpUaUJEUlZKVVNVWkpRMEZVUlMwdExTMHRDazFKU1VNMWVrTkRRV01yWjBGM1NVSkJaMGxDUVVSQlRrSm5hM0ZvYTJsSE9YY3dRa0ZSYzBaQlJFRldUVkpOZDBWUldVUldVVkZFUlhkd2NtUlhTbXdLWTIwMWJHUkhWbnBOUWpSWVJGUkplRTFVUlhsTlJFbDVUa1JyZDAxR2IxaEVWRTE0VFZSRmVFOUVTWGxPUkd0M1RVWnZkMFpVUlZSTlFrVkhRVEZWUlFwQmVFMUxZVE5XYVZwWVNuVmFXRkpzWTNwRFEwRlRTWGRFVVZsS1MyOWFTV2gyWTA1QlVVVkNRbEZCUkdkblJWQkJSRU5EUVZGdlEyZG5SVUpCVG1sdUNqbFhaREkwUjBOalRqUnFiMEk1Y1RFNFZtMTFjVFpXVW1Kbk4zRTVWRkEyY0dndlVtSlFaMEZFUjBWcGJUVTRlWG94T1hOVVlWUm9hbWxsZHpsSE5YWUtaMjloVGl0QlEyWlpVR1pwVnpGaFUwVXpjVVV5VUU5amNtSm9LMjQzWWpSTFNsQnFhelpoYzB0QlUzcHlhbkZ0YTB0UGVYSlpUakZaV2psQlkzbEVRZ3BMYW5kNFkyWjNVMkpOZEhVeFZrSlpTWEJtT1ZKVmRITTJWVmhtUW1OTU1VWlJSbFpzTVVWemVIa3laRmh1UVV4S09FOTZkR2hLTUU1RU4xaGpjbFo0Q25RMVpqWjVVWGRzY0RKaldYaDNVMjVSUzBVeVptMUVSa00yUzNGNVJYUlRWMHhyVlZOSlFqaFBWMkZSWkRSdGIyaHBNR1ZzSzBjeGQwdzJVM3B0ZUdrS1NsQnNNbTFTY1ZScmJXWjBaMkZhTkRGcFVuZEhlR1oxTlVrM1RXbGhRVEZoUm5kNFNIUlFXblZwYUVWT09GUjBka2RUUnpSMU5FaFJkamwzUVVWamN3cHFUREpCUlROcVdWRXZiWFZHUmtFMU9FUk5RMEYzUlVGQllVNURUVVZCZDBSbldVUldVakJRUVZGSUwwSkJVVVJCWjB0clRVRTRSMEV4VldSRmQwVkNDaTkzVVVaTlFVMUNRV1k0ZDBoUldVUldVakJQUWtKWlJVWkxUVnBzYW1wd2VGWmlTMVZPUjFCRE1GSXlaR1pISzNscVJHeE5RVEJIUTFOeFIxTkpZak1LUkZGRlFrTjNWVUZCTkVsQ1FWRkVXVTB4ZUdkVmJrdFBjelJsVmxkaGIwSkxjR2tyZUZsMlIwMHdSRWRCZGxaUWRURkZhRmxIV0ZGdVJTOUNNMDFKYlFwT1p6WnZhbk5HTTBVM2NUTTNjRVZqTDNOMVZtMHZSalJJYmxKTU5ITlZjMHBYVWtaUk5GZFBkbk5qU0ROS1JrVkhkRE16VDJ0dlFsTlNWVzFGWTJsS0NrdzFNV05SWVVobE5sbHNVR05OSzFsNk1XNUZia1o1YVdaeWNIUkdNelZUYm1WdWRuTmhZVkJ5THpSVFdVcGlhVTV5YUROWVoycFZOekUwTkZWYVdGUUtjVmhZZVVVMVlVRkNURFIzTm5CaFlUVTVkVzlMWjNGVE5IZGlTVnB1UjNaRFFXbFBSa3RIY2tocmRtOTZjMFEzTWtaSU1sZHpkbXhKZVRRck5GbGFlQXBsU0ZKTmRFazFTMk13UlhkblRWUkliRW94VmpKWlltMXlWRUppV1c1QlVEQkVja1JwU25JME1YY3hlV05sY0hRNVpXSmlRVWt6YjFWb1ZFNW5aRUphQ2pGemJYSlpVbnBwT0RoR2RHTlhUVXQzTVVsTWNUaHJiblJoVm5NelJtWmhWbTVuWlFvdExTMHRMVVZPUkNCRFJWSlVTVVpKUTBGVVJTMHRMUzB0Q2c9PScgLS1hcGlzZXJ2ZXItZW5kcG9pbnQgJ2h0dHBzOi8vRDk4NjEyMkY1MTBDNTNGQjY3NkE0RjBFNDM2QUU0OTQuZ3I3LnVzLWVhc3QtMS5la3MuYW1hem9uYXdzLmNvbScgIC0ta3ViZWxldC1leHRyYS1hcmdzICIiICdhd3MtZWtzLWNsdXN0ZXInCgojIEFsbG93IHVzZXIgc3VwcGxpZWQgdXNlcmRhdGEgY29kZQoK",
            "vpc_classic_link_id": "",
            "vpc_classic_link_security_groups": []
          },
          "sensitive_attributes": [],
          "private": "bnVsbA==",
          "dependencies": [
            "module.eks.module.eks.aws_security_group_rule.workers_ingress_cluster_https",
            "module.eks.module.eks.data.aws_iam_policy_document.cluster_assume_role_policy",
            "module.vpc.module.vpc.aws_subnet.private_prod",
            "module.eks.module.eks.aws_eks_cluster.this",
            "module.eks.module.eks.aws_iam_role_policy_attachment.workers_AmazonEKSWorkerNodePolicy",
            "module.eks.module.eks.aws_iam_role_policy_attachment.workers_AmazonEKS_CNI_Policy",
            "module.eks.module.eks.aws_security_group_rule.cluster_primary_ingress_workers",
            "module.eks.module.eks.aws_security_group_rule.cluster_https_worker_ingress",
            "module.eks.module.eks.aws_security_group_rule.workers_ingress_cluster_kubelet",
            "module.eks.module.eks.aws_cloudwatch_log_group.this",
            "module.eks.module.eks.aws_iam_role_policy_attachment.cluster_AmazonEKSClusterPolicy",
            "module.eks.module.eks.aws_iam_role_policy_attachment.workers_AmazonEC2ContainerRegistryReadOnly",
            "module.eks.module.eks.aws_iam_role_policy_attachment.workers_additional_policies",
            "module.eks.module.eks.aws_iam_role_policy_attachment.cluster_AmazonEKSServicePolicy",
            "module.eks.module.eks.aws_security_group.cluster",
            "module.eks.module.eks.aws_security_group_rule.workers_ingress_cluster",
            "module.eks.module.eks.aws_security_group_rule.workers_ingress_cluster_primary",
            "module.eks.module.eks.data.aws_iam_policy_document.workers_assume_role_policy",
            "module.eks.module.eks.aws_iam_role_policy_attachment.cluster_AmazonEKSVPCResourceControllerPolicy",
            "module.eks.module.eks.data.aws_iam_instance_profile.custom_worker_group_iam_instance_profile",
            "module.vpc.module.vpc.aws_vpc.default",
            "module.eks.module.eks.aws_security_group_rule.workers_egress_internet",
            "module.eks.module.eks.aws_security_group_rule.workers_ingress_self",
            "module.eks.module.eks.data.aws_ami.eks_worker",
            "module.eks.module.eks.data.aws_partition.current",
            "module.eks.module.eks.aws_iam_instance_profile.workers",
            "module.eks.module.eks.aws_iam_role.cluster",
            "module.eks.module.eks.aws_iam_role.workers",
            "module.eks.module.eks.aws_security_group_rule.cluster_egress_internet",
            "module.eks.module.eks.aws_security_group.workers",
            "module.eks.module.eks.data.aws_ami.eks_worker_windows",
            "module.eks.module.eks.data.aws_iam_role.custom_cluster_iam_role"
          ],
          "create_before_destroy": true
        }
      ]
    },
    {
      "module": "module.eks.module.eks",
      "mode": "managed",
      "type": "aws_security_group",
      "name": "cluster",
      "provider": "provider[\"registry.terraform.io/hashicorp/aws\"]",
      "instances": [
        {
          "index_key": 0,
          "schema_version": 1,
          "attributes": {
            "arn": "arn:aws:ec2:us-east-1:092592202483:security-group/sg-0754126ee5692d89b",
            "description": "EKS cluster security group.",
            "egress": [
              {
                "cidr_blocks": [
                  "0.0.0.0/0"
                ],
                "description": "Allow cluster egress access to the Internet.",
                "from_port": 0,
                "ipv6_cidr_blocks": [],
                "prefix_list_ids": [],
                "protocol": "-1",
                "security_groups": [],
                "self": false,
                "to_port": 0
              }
            ],
            "id": "sg-0754126ee5692d89b",
            "ingress": [
              {
                "cidr_blocks": [],
                "description": "Allow pods to communicate with the EKS cluster API.",
                "from_port": 443,
                "ipv6_cidr_blocks": [],
                "prefix_list_ids": [],
                "protocol": "tcp",
                "security_groups": [
                  "sg-09ae7d81d90a7a3bd"
                ],
                "self": false,
                "to_port": 443
              }
            ],
            "name": "aws-eks-cluster20211120224129475400000007",
            "name_prefix": "aws-eks-cluster",
            "owner_id": "092592202483",
            "revoke_rules_on_delete": false,
            "tags": {
              "Name": "aws-eks-cluster-eks_cluster_sg"
            },
            "tags_all": {
              "Name": "aws-eks-cluster-eks_cluster_sg"
            },
            "timeouts": null,
            "vpc_id": "vpc-0b813675c87f3825c"
          },
          "sensitive_attributes": [],
          "private": "eyJlMmJmYjczMC1lY2FhLTExZTYtOGY4OC0zNDM2M2JjN2M0YzAiOnsiY3JlYXRlIjo2MDAwMDAwMDAwMDAsImRlbGV0ZSI6OTAwMDAwMDAwMDAwfSwic2NoZW1hX3ZlcnNpb24iOiIxIn0=",
          "dependencies": [
            "module.vpc.module.vpc.aws_vpc.default"
          ],
          "create_before_destroy": true
        }
      ]
    },
    {
      "module": "module.eks.module.eks",
      "mode": "managed",
      "type": "aws_security_group",
      "name": "workers",
      "provider": "provider[\"registry.terraform.io/hashicorp/aws\"]",
      "instances": [
        {
          "index_key": 0,
          "schema_version": 1,
          "attributes": {
            "arn": "arn:aws:ec2:us-east-1:092592202483:security-group/sg-09ae7d81d90a7a3bd",
            "description": "Security group for all nodes in the cluster.",
            "egress": [
              {
                "cidr_blocks": [
                  "0.0.0.0/0"
                ],
                "description": "Allow nodes all egress to the Internet.",
                "from_port": 0,
                "ipv6_cidr_blocks": [],
                "prefix_list_ids": [],
                "protocol": "-1",
                "security_groups": [],
                "self": false,
                "to_port": 0
              }
            ],
            "id": "sg-09ae7d81d90a7a3bd",
            "ingress": [
              {
                "cidr_blocks": [],
                "description": "Allow node to communicate with each other.",
                "from_port": 0,
                "ipv6_cidr_blocks": [],
                "prefix_list_ids": [],
                "protocol": "-1",
                "security_groups": [],
                "self": true,
                "to_port": 0
              },
              {
                "cidr_blocks": [],
                "description": "Allow pods running extension API servers on port 443 to receive communication from cluster control plane.",
                "from_port": 443,
                "ipv6_cidr_blocks": [],
                "prefix_list_ids": [],
                "protocol": "tcp",
                "security_groups": [
                  "sg-0754126ee5692d89b"
                ],
                "self": false,
                "to_port": 443
              },
              {
                "cidr_blocks": [],
                "description": "Allow workers pods to receive communication from the cluster control plane.",
                "from_port": 1025,
                "ipv6_cidr_blocks": [],
                "prefix_list_ids": [],
                "protocol": "tcp",
                "security_groups": [
                  "sg-0754126ee5692d89b"
                ],
                "self": false,
                "to_port": 65535
              }
            ],
            "name": "aws-eks-cluster20211120224129542400000008",
            "name_prefix": "aws-eks-cluster",
            "owner_id": "092592202483",
            "revoke_rules_on_delete": false,
            "tags": {
              "Name": "aws-eks-cluster-eks_worker_sg",
              "kubernetes.io/cluster/aws-eks-cluster": "owned"
            },
            "tags_all": {
              "Name": "aws-eks-cluster-eks_worker_sg",
              "kubernetes.io/cluster/aws-eks-cluster": "owned"
            },
            "timeouts": null,
            "vpc_id": "vpc-0b813675c87f3825c"
          },
          "sensitive_attributes": [],
          "private": "eyJlMmJmYjczMC1lY2FhLTExZTYtOGY4OC0zNDM2M2JjN2M0YzAiOnsiY3JlYXRlIjo2MDAwMDAwMDAwMDAsImRlbGV0ZSI6OTAwMDAwMDAwMDAwfSwic2NoZW1hX3ZlcnNpb24iOiIxIn0=",
          "dependencies": [
            "module.vpc.module.vpc.aws_vpc.default"
          ],
          "create_before_destroy": true
        }
      ]
    },
    {
      "module": "module.eks.module.eks",
      "mode": "managed",
      "type": "aws_security_group_rule",
      "name": "cluster_egress_internet",
      "provider": "provider[\"registry.terraform.io/hashicorp/aws\"]",
      "instances": [
        {
          "index_key": 0,
          "schema_version": 2,
          "attributes": {
            "cidr_blocks": [
              "0.0.0.0/0"
            ],
            "description": "Allow cluster egress access to the Internet.",
            "from_port": 0,
            "id": "sgrule-2566909579",
            "ipv6_cidr_blocks": [],
            "prefix_list_ids": [],
            "protocol": "-1",
            "security_group_id": "sg-0754126ee5692d89b",
            "self": false,
            "source_security_group_id": null,
            "to_port": 0,
            "type": "egress"
          },
          "sensitive_attributes": [],
          "private": "eyJzY2hlbWFfdmVyc2lvbiI6IjIifQ==",
          "dependencies": [
            "module.vpc.module.vpc.aws_vpc.default",
            "module.eks.module.eks.aws_security_group.cluster"
          ],
          "create_before_destroy": true
        }
      ]
    },
    {
      "module": "module.eks.module.eks",
      "mode": "managed",
      "type": "aws_security_group_rule",
      "name": "cluster_https_worker_ingress",
      "provider": "provider[\"registry.terraform.io/hashicorp/aws\"]",
      "instances": [
        {
          "index_key": 0,
          "schema_version": 2,
          "attributes": {
            "cidr_blocks": [],
            "description": "Allow pods to communicate with the EKS cluster API.",
            "from_port": 443,
            "id": "sgrule-1926892455",
            "ipv6_cidr_blocks": [],
            "prefix_list_ids": [],
            "protocol": "tcp",
            "security_group_id": "sg-0754126ee5692d89b",
            "self": false,
            "source_security_group_id": "sg-09ae7d81d90a7a3bd",
            "to_port": 443,
            "type": "ingress"
          },
          "sensitive_attributes": [],
          "private": "eyJzY2hlbWFfdmVyc2lvbiI6IjIifQ==",
          "dependencies": [
            "module.eks.module.eks.aws_security_group.cluster",
            "module.eks.module.eks.aws_security_group.workers",
            "module.vpc.module.vpc.aws_vpc.default"
          ],
          "create_before_destroy": true
        }
      ]
    },
    {
      "module": "module.eks.module.eks",
      "mode": "managed",
      "type": "aws_security_group_rule",
      "name": "workers_egress_internet",
      "provider": "provider[\"registry.terraform.io/hashicorp/aws\"]",
      "instances": [
        {
          "index_key": 0,
          "schema_version": 2,
          "attributes": {
            "cidr_blocks": [
              "0.0.0.0/0"
            ],
            "description": "Allow nodes all egress to the Internet.",
            "from_port": 0,
            "id": "sgrule-2358651467",
            "ipv6_cidr_blocks": [],
            "prefix_list_ids": [],
            "protocol": "-1",
            "security_group_id": "sg-09ae7d81d90a7a3bd",
            "self": false,
            "source_security_group_id": null,
            "to_port": 0,
            "type": "egress"
          },
          "sensitive_attributes": [],
          "private": "eyJzY2hlbWFfdmVyc2lvbiI6IjIifQ==",
          "dependencies": [
            "module.eks.module.eks.aws_security_group.workers",
            "module.vpc.module.vpc.aws_vpc.default"
          ],
          "create_before_destroy": true
        }
      ]
    },
    {
      "module": "module.eks.module.eks",
      "mode": "managed",
      "type": "aws_security_group_rule",
      "name": "workers_ingress_cluster",
      "provider": "provider[\"registry.terraform.io/hashicorp/aws\"]",
      "instances": [
        {
          "index_key": 0,
          "schema_version": 2,
          "attributes": {
            "cidr_blocks": [],
            "description": "Allow workers pods to receive communication from the cluster control plane.",
            "from_port": 1025,
            "id": "sgrule-2127732393",
            "ipv6_cidr_blocks": [],
            "prefix_list_ids": [],
            "protocol": "tcp",
            "security_group_id": "sg-09ae7d81d90a7a3bd",
            "self": false,
            "source_security_group_id": "sg-0754126ee5692d89b",
            "to_port": 65535,
            "type": "ingress"
          },
          "sensitive_attributes": [],
          "private": "eyJzY2hlbWFfdmVyc2lvbiI6IjIifQ==",
          "dependencies": [
            "module.eks.module.eks.aws_security_group.cluster",
            "module.eks.module.eks.aws_security_group.workers",
            "module.vpc.module.vpc.aws_vpc.default"
          ],
          "create_before_destroy": true
        }
      ]
    },
    {
      "module": "module.eks.module.eks",
      "mode": "managed",
      "type": "aws_security_group_rule",
      "name": "workers_ingress_cluster_https",
      "provider": "provider[\"registry.terraform.io/hashicorp/aws\"]",
      "instances": [
        {
          "index_key": 0,
          "schema_version": 2,
          "attributes": {
            "cidr_blocks": [],
            "description": "Allow pods running extension API servers on port 443 to receive communication from cluster control plane.",
            "from_port": 443,
            "id": "sgrule-858057412",
            "ipv6_cidr_blocks": [],
            "prefix_list_ids": [],
            "protocol": "tcp",
            "security_group_id": "sg-09ae7d81d90a7a3bd",
            "self": false,
            "source_security_group_id": "sg-0754126ee5692d89b",
            "to_port": 443,
            "type": "ingress"
          },
          "sensitive_attributes": [],
          "private": "eyJzY2hlbWFfdmVyc2lvbiI6IjIifQ==",
          "dependencies": [
            "module.eks.module.eks.aws_security_group.cluster",
            "module.eks.module.eks.aws_security_group.workers",
            "module.vpc.module.vpc.aws_vpc.default"
          ],
          "create_before_destroy": true
        }
      ]
    },
    {
      "module": "module.eks.module.eks",
      "mode": "managed",
      "type": "aws_security_group_rule",
      "name": "workers_ingress_self",
      "provider": "provider[\"registry.terraform.io/hashicorp/aws\"]",
      "instances": [
        {
          "index_key": 0,
          "schema_version": 2,
          "attributes": {
            "cidr_blocks": [],
            "description": "Allow node to communicate with each other.",
            "from_port": 0,
            "id": "sgrule-3914555595",
            "ipv6_cidr_blocks": [],
            "prefix_list_ids": [],
            "protocol": "-1",
            "security_group_id": "sg-09ae7d81d90a7a3bd",
            "self": false,
            "source_security_group_id": "sg-09ae7d81d90a7a3bd",
            "to_port": 0,
            "type": "ingress"
          },
          "sensitive_attributes": [],
          "private": "eyJzY2hlbWFfdmVyc2lvbiI6IjIifQ==",
          "dependencies": [
            "module.eks.module.eks.aws_security_group.workers",
            "module.vpc.module.vpc.aws_vpc.default"
          ],
          "create_before_destroy": true
        }
      ]
    },
    {
      "module": "module.eks.module.eks",
      "mode": "managed",
      "type": "kubernetes_config_map",
      "name": "aws_auth",
      "provider": "module.eks.provider[\"registry.terraform.io/hashicorp/kubernetes\"]",
      "instances": [
        {
          "index_key": 0,
          "schema_version": 0,
          "attributes": {
            "binary_data": {},
            "data": {
              "mapAccounts": "[]\n",
              "mapRoles": "- \"groups\":\n  - \"system:bootstrappers\"\n  - \"system:nodes\"\n  \"rolearn\": \"arn:aws:iam::092592202483:role/aws-eks-cluster20211120225337237600000009\"\n  \"username\": \"system:node:{{EC2PrivateDNSName}}\"\n",
              "mapUsers": "[]\n"
            },
            "id": "kube-system/aws-auth",
            "metadata": [
              {
                "annotations": {},
                "generate_name": "",
                "generation": 0,
                "labels": {
                  "app.kubernetes.io/managed-by": "Terraform",
                  "terraform.io/module": "terraform-aws-modules.eks.aws"
                },
                "name": "aws-auth",
                "namespace": "kube-system",
                "resource_version": "846",
                "uid": "9352c8b3-33b2-4d5b-bc35-ab6baa8033c3"
              }
            ]
          },
          "sensitive_attributes": [],
          "private": "bnVsbA==",
          "dependencies": [
            "module.eks.module.eks.data.aws_iam_role.custom_cluster_iam_role",
            "module.vpc.module.vpc.aws_subnet.private_prod",
            "module.eks.module.eks.data.aws_iam_policy_document.cluster_assume_role_policy",
            "module.eks.data.aws_eks_cluster_auth.eks",
            "module.eks.module.eks.aws_iam_role.workers",
            "module.eks.module.eks.aws_security_group.workers",
            "module.eks.module.eks.data.aws_ami.eks_worker",
            "module.eks.module.eks.data.aws_iam_instance_profile.custom_worker_group_iam_instance_profile",
            "module.eks.module.eks.module.fargate.aws_iam_role.eks_fargate_pod",
            "module.eks.module.eks.aws_iam_instance_profile.workers",
            "module.eks.module.eks.aws_iam_instance_profile.workers_launch_template",
            "module.eks.module.eks.aws_iam_role_policy_attachment.cluster_AmazonEKSServicePolicy",
            "module.eks.data.aws_eks_cluster.eks",
            "module.eks.module.eks.aws_security_group_rule.cluster_private_access_cidrs_source",
            "module.eks.module.eks.data.aws_iam_instance_profile.custom_worker_group_launch_template_iam_instance_profile",
            "module.eks.module.eks.aws_cloudwatch_log_group.this",
            "module.eks.module.eks.aws_security_group.cluster",
            "module.eks.module.eks.aws_security_group_rule.cluster_https_worker_ingress",
            "module.eks.module.eks.data.aws_iam_policy_document.workers_assume_role_policy",
            "module.eks.module.eks.data.aws_partition.current",
            "module.eks.module.eks.module.fargate.data.aws_iam_policy_document.eks_fargate_pod_assume_role",
            "module.eks.module.eks.aws_iam_role_policy_attachment.cluster_AmazonEKSVPCResourceControllerPolicy",
            "module.eks.module.eks.data.aws_caller_identity.current",
            "module.eks.module.eks.data.http.wait_for_cluster",
            "module.eks.module.eks.module.fargate.data.aws_iam_role.custom_fargate_iam_role",
            "module.vpc.module.vpc.aws_vpc.default",
            "module.eks.module.eks.aws_security_group_rule.cluster_egress_internet",
            "module.eks.module.eks.aws_iam_role.cluster",
            "module.eks.module.eks.aws_iam_role_policy_attachment.cluster_AmazonEKSClusterPolicy",
            "module.eks.module.eks.aws_security_group_rule.cluster_private_access_sg_source",
            "module.eks.module.eks.data.aws_ami.eks_worker_windows",
            "module.eks.module.eks.aws_eks_cluster.this"
          ],
          "create_before_destroy": true
        }
      ]
    },
    {
      "module": "module.eks.module.eks",
      "mode": "managed",
      "type": "local_file",
      "name": "kubeconfig",
      "provider": "provider[\"registry.terraform.io/hashicorp/local\"]",
      "instances": [
        {
          "index_key": 0,
          "schema_version": 0,
          "attributes": {
            "content": "apiVersion: v1\npreferences: {}\nkind: Config\n\nclusters:\n- cluster:\n    server: https://D986122F510C53FB676A4F0E436AE494.gr7.us-east-1.eks.amazonaws.com\n    certificate-authority-data: LS0tLS1CRUdJTiBDRVJUSUZJQ0FURS0tLS0tCk1JSUM1ekNDQWMrZ0F3SUJBZ0lCQURBTkJna3Foa2lHOXcwQkFRc0ZBREFWTVJNd0VRWURWUVFERXdwcmRXSmwKY201bGRHVnpNQjRYRFRJeE1URXlNREl5TkRrd01Gb1hEVE14TVRFeE9ESXlORGt3TUZvd0ZURVRNQkVHQTFVRQpBeE1LYTNWaVpYSnVaWFJsY3pDQ0FTSXdEUVlKS29aSWh2Y05BUUVCQlFBRGdnRVBBRENDQVFvQ2dnRUJBTmluCjlXZDI0R0NjTjRqb0I5cTE4Vm11cTZWUmJnN3E5VFA2cGgvUmJQZ0FER0VpbTU4eXoxOXNUYVRoamlldzlHNXYKZ29hTitBQ2ZZUGZpVzFhU0UzcUUyUE9jcmJoK243YjRLSlBqazZhc0tBU3pyanFta0tPeXJZTjFZWjlBY3lEQgpLand4Y2Z3U2JNdHUxVkJZSXBmOVJVdHM2VVhmQmNMMUZRRlZsMUVzeHkyZFhuQUxKOE96dGhKME5EN1hjclZ4CnQ1ZjZ5UXdscDJjWXh3U25RS0UyZm1ERkM2S3F5RXRTV0xrVVNJQjhPV2FRZDRtb2hpMGVsK0cxd0w2U3pteGkKSlBsMm1ScVRrbWZ0Z2FaNDFpUndHeGZ1NUk3TWlhQTFhRnd4SHRQWnVpaEVOOFR0dkdTRzR1NEhRdjl3QUVjcwpqTDJBRTNqWVEvbXVGRkE1OERNQ0F3RUFBYU5DTUVBd0RnWURWUjBQQVFIL0JBUURBZ0trTUE4R0ExVWRFd0VCCi93UUZNQU1CQWY4d0hRWURWUjBPQkJZRUZLTVpsampweFZiS1VOR1BDMFIyZGZHK3lqRGxNQTBHQ1NxR1NJYjMKRFFFQkN3VUFBNElCQVFEWU0xeGdVbktPczRlVldhb0JLcGkreFl2R00wREdBdlZQdTFFaFlHWFFuRS9CM01JbQpOZzZvanNGM0U3cTM3cEVjL3N1Vm0vRjRIblJMNHNVc0pXUkZRNFdPdnNjSDNKRkVHdDMzT2tvQlNSVW1FY2lKCkw1MWNRYUhlNllsUGNNK1l6MW5FbkZ5aWZycHRGMzVTbmVudnNhYVByLzRTWUpiaU5yaDNYZ2pVNzE0NFVaWFQKcVhYeUU1YUFCTDR3NnBhYTU5dW9LZ3FTNHdiSVpuR3ZDQWlPRktHckhrdm96c0Q3MkZIMldzdmxJeTQrNFlaeAplSFJNdEk1S2MwRXdnTVRIbEoxVjJZYm1yVEJiWW5BUDBEckRpSnI0MXcxeWNlcHQ5ZWJiQUkzb1VoVE5nZEJaCjFzbXJZUnppODhGdGNXTUt3MUlMcThrbnRhVnMzRmZhVm5nZQotLS0tLUVORCBDRVJUSUZJQ0FURS0tLS0tCg==\n  name: eks_aws-eks-cluster\n\ncontexts:\n- context:\n    cluster: eks_aws-eks-cluster\n    user: eks_aws-eks-cluster\n  name: eks_aws-eks-cluster\n\ncurrent-context: eks_aws-eks-cluster\n\nusers:\n- name: eks_aws-eks-cluster\n  user:\n    exec:\n      apiVersion: client.authentication.k8s.io/v1alpha1\n      command: aws-iam-authenticator\n      args:\n        - \"token\"\n        - \"-i\"\n        - \"aws-eks-cluster\"\n",
            "content_base64": null,
            "directory_permission": "0755",
            "file_permission": "0600",
            "filename": "./kubeconfig_aws-eks-cluster",
            "id": "c6057cda70f413d60a27b040834d47e3db914b67",
            "sensitive_content": null,
            "source": null
          },
          "sensitive_attributes": [],
          "private": "bnVsbA==",
          "dependencies": [
            "module.eks.module.eks.data.aws_iam_policy_document.cluster_assume_role_policy",
            "module.eks.module.eks.aws_cloudwatch_log_group.this",
            "module.eks.module.eks.aws_security_group.cluster",
            "module.eks.module.eks.aws_iam_role_policy_attachment.cluster_AmazonEKSVPCResourceControllerPolicy",
            "module.eks.module.eks.aws_security_group.workers",
            "module.vpc.module.vpc.aws_subnet.private_prod",
            "module.eks.module.eks.aws_eks_cluster.this",
            "module.eks.module.eks.aws_iam_role.cluster",
            "module.eks.module.eks.data.aws_iam_role.custom_cluster_iam_role",
            "module.vpc.module.vpc.aws_vpc.default",
            "module.eks.module.eks.aws_security_group_rule.cluster_egress_internet",
            "module.eks.module.eks.aws_security_group_rule.cluster_https_worker_ingress",
            "module.eks.module.eks.data.aws_partition.current",
            "module.eks.module.eks.aws_iam_role_policy_attachment.cluster_AmazonEKSClusterPolicy",
            "module.eks.module.eks.aws_iam_role_policy_attachment.cluster_AmazonEKSServicePolicy"
          ]
        }
      ]
    },
    {
      "module": "module.eks.module.eks.module.fargate",
      "mode": "data",
      "type": "aws_partition",
      "name": "current",
      "provider": "provider[\"registry.terraform.io/hashicorp/aws\"]",
      "instances": [
        {
          "schema_version": 0,
          "attributes": {
            "dns_suffix": "amazonaws.com",
            "id": "aws",
            "partition": "aws",
            "reverse_dns_prefix": "com.amazonaws"
          },
          "sensitive_attributes": []
        }
      ]
    },
    {
      "module": "module.vpc.module.vpc",
      "mode": "managed",
      "type": "aws_eip",
      "name": "mod_nat",
      "provider": "provider[\"registry.terraform.io/hashicorp/aws\"]",
      "instances": [
        {
          "index_key": 0,
          "schema_version": 0,
          "attributes": {
            "address": null,
            "allocation_id": "eipalloc-02179611c6590a0a1",
            "associate_with_private_ip": null,
            "association_id": "eipassoc-045b2c3dd04192904",
            "carrier_ip": "",
            "customer_owned_ip": "",
            "customer_owned_ipv4_pool": "",
            "domain": "vpc",
            "id": "eipalloc-02179611c6590a0a1",
            "instance": "",
            "network_border_group": "us-east-1",
            "network_interface": "eni-009a1fa3c91a8d0c2",
            "private_dns": "ip-10-20-32-60.ec2.internal",
            "private_ip": "10.20.32.60",
            "public_dns": "ec2-50-16-81-177.compute-1.amazonaws.com",
            "public_ip": "50.16.81.177",
            "public_ipv4_pool": "amazon",
            "tags": {
              "kubernetes.io/cluster/aws-eks-cluster": "shared"
            },
            "tags_all": {
              "kubernetes.io/cluster/aws-eks-cluster": "shared"
            },
            "timeouts": null,
            "vpc": true
          },
          "sensitive_attributes": [],
          "private": "eyJlMmJmYjczMC1lY2FhLTExZTYtOGY4OC0zNDM2M2JjN2M0YzAiOnsiZGVsZXRlIjoxODAwMDAwMDAwMDAsInJlYWQiOjkwMDAwMDAwMDAwMCwidXBkYXRlIjozMDAwMDAwMDAwMDB9fQ=="
        },
        {
          "index_key": 1,
          "schema_version": 0,
          "attributes": {
            "address": null,
            "allocation_id": "eipalloc-0dcabc562c185d09a",
            "associate_with_private_ip": null,
            "association_id": "eipassoc-0fcfe5a17e82692b0",
            "carrier_ip": "",
            "customer_owned_ip": "",
            "customer_owned_ipv4_pool": "",
            "domain": "vpc",
            "id": "eipalloc-0dcabc562c185d09a",
            "instance": "",
            "network_border_group": "us-east-1",
            "network_interface": "eni-041e61756a6d89666",
            "private_dns": "ip-10-20-43-209.ec2.internal",
            "private_ip": "10.20.43.209",
            "public_dns": "ec2-34-200-21-213.compute-1.amazonaws.com",
            "public_ip": "34.200.21.213",
            "public_ipv4_pool": "amazon",
            "tags": {
              "kubernetes.io/cluster/aws-eks-cluster": "shared"
            },
            "tags_all": {
              "kubernetes.io/cluster/aws-eks-cluster": "shared"
            },
            "timeouts": null,
            "vpc": true
          },
          "sensitive_attributes": [],
          "private": "eyJlMmJmYjczMC1lY2FhLTExZTYtOGY4OC0zNDM2M2JjN2M0YzAiOnsiZGVsZXRlIjoxODAwMDAwMDAwMDAsInJlYWQiOjkwMDAwMDAwMDAwMCwidXBkYXRlIjozMDAwMDAwMDAwMDB9fQ=="
        }
      ]
    },
    {
      "module": "module.vpc.module.vpc",
      "mode": "managed",
      "type": "aws_internet_gateway",
      "name": "default",
      "provider": "provider[\"registry.terraform.io/hashicorp/aws\"]",
      "instances": [
        {
          "schema_version": 0,
          "attributes": {
            "arn": "arn:aws:ec2:us-east-1:092592202483:internet-gateway/igw-0b7b076577205fc9a",
            "id": "igw-0b7b076577205fc9a",
            "owner_id": "092592202483",
            "tags": {
              "Name": "vpc",
              "kubernetes.io/cluster/aws-eks-cluster": "shared"
            },
            "tags_all": {
              "Name": "vpc",
              "kubernetes.io/cluster/aws-eks-cluster": "shared"
            },
            "vpc_id": "vpc-0b813675c87f3825c"
          },
          "sensitive_attributes": [],
          "private": "bnVsbA==",
          "dependencies": [
            "module.vpc.module.vpc.aws_vpc.default"
          ]
        }
      ]
    },
    {
      "module": "module.vpc.module.vpc",
      "mode": "managed",
      "type": "aws_nat_gateway",
      "name": "nat_gateway",
      "provider": "provider[\"registry.terraform.io/hashicorp/aws\"]",
      "instances": [
        {
          "index_key": 0,
          "schema_version": 0,
          "attributes": {
            "allocation_id": "eipalloc-02179611c6590a0a1",
            "connectivity_type": "public",
            "id": "nat-0960d0a5770fcb1f5",
            "network_interface_id": "eni-009a1fa3c91a8d0c2",
            "private_ip": "10.20.32.60",
            "public_ip": "50.16.81.177",
            "subnet_id": "subnet-0ebd8069d944c5f7e",
            "tags": {
              "kubernetes.io/cluster/aws-eks-cluster": "shared"
            },
            "tags_all": {
              "kubernetes.io/cluster/aws-eks-cluster": "shared"
            }
          },
          "sensitive_attributes": [],
          "private": "bnVsbA==",
          "dependencies": [
            "module.vpc.module.vpc.aws_eip.mod_nat",
            "module.vpc.module.vpc.aws_internet_gateway.default",
            "module.vpc.module.vpc.aws_subnet.public",
            "module.vpc.module.vpc.aws_vpc.default"
          ]
        },
        {
          "index_key": 1,
          "schema_version": 0,
          "attributes": {
            "allocation_id": "eipalloc-0dcabc562c185d09a",
            "connectivity_type": "public",
            "id": "nat-07d7b1b7d714c9ca5",
            "network_interface_id": "eni-041e61756a6d89666",
            "private_ip": "10.20.43.209",
            "public_ip": "34.200.21.213",
            "subnet_id": "subnet-00f50908ca479a64f",
            "tags": {
              "kubernetes.io/cluster/aws-eks-cluster": "shared"
            },
            "tags_all": {
              "kubernetes.io/cluster/aws-eks-cluster": "shared"
            }
          },
          "sensitive_attributes": [],
          "private": "bnVsbA==",
          "dependencies": [
            "module.vpc.module.vpc.aws_internet_gateway.default",
            "module.vpc.module.vpc.aws_subnet.public",
            "module.vpc.module.vpc.aws_vpc.default",
            "module.vpc.module.vpc.aws_eip.mod_nat"
          ]
        }
      ]
    },
    {
      "module": "module.vpc.module.vpc",
      "mode": "managed",
      "type": "aws_route",
      "name": "private_nat_gateway",
      "provider": "provider[\"registry.terraform.io/hashicorp/aws\"]",
      "instances": [
        {
          "index_key": 0,
          "schema_version": 0,
          "attributes": {
            "carrier_gateway_id": "",
            "destination_cidr_block": "0.0.0.0/0",
            "destination_ipv6_cidr_block": "",
            "destination_prefix_list_id": "",
            "egress_only_gateway_id": "",
            "gateway_id": "",
            "id": "r-rtb-008b77187c7c0cf4f1080289494",
            "instance_id": "",
            "instance_owner_id": "",
            "local_gateway_id": "",
            "nat_gateway_id": "nat-0960d0a5770fcb1f5",
            "network_interface_id": "",
            "origin": "CreateRoute",
            "route_table_id": "rtb-008b77187c7c0cf4f",
            "state": "active",
            "timeouts": null,
            "transit_gateway_id": "",
            "vpc_endpoint_id": "",
            "vpc_peering_connection_id": ""
          },
          "sensitive_attributes": [],
          "private": "eyJlMmJmYjczMC1lY2FhLTExZTYtOGY4OC0zNDM2M2JjN2M0YzAiOnsiY3JlYXRlIjoxMjAwMDAwMDAwMDAsImRlbGV0ZSI6MzAwMDAwMDAwMDAwLCJ1cGRhdGUiOjEyMDAwMDAwMDAwMH19",
          "dependencies": [
            "module.vpc.module.vpc.aws_subnet.public",
            "module.vpc.module.vpc.aws_vpc.default",
            "module.vpc.module.vpc.aws_eip.mod_nat",
            "module.vpc.module.vpc.aws_internet_gateway.default",
            "module.vpc.module.vpc.aws_nat_gateway.nat_gateway",
            "module.vpc.module.vpc.aws_route_table.private"
          ]
        },
        {
          "index_key": 1,
          "schema_version": 0,
          "attributes": {
            "carrier_gateway_id": "",
            "destination_cidr_block": "0.0.0.0/0",
            "destination_ipv6_cidr_block": "",
            "destination_prefix_list_id": "",
            "egress_only_gateway_id": "",
            "gateway_id": "",
            "id": "r-rtb-0138a64b307f80b491080289494",
            "instance_id": "",
            "instance_owner_id": "",
            "local_gateway_id": "",
            "nat_gateway_id": "nat-07d7b1b7d714c9ca5",
            "network_interface_id": "",
            "origin": "CreateRoute",
            "route_table_id": "rtb-0138a64b307f80b49",
            "state": "active",
            "timeouts": null,
            "transit_gateway_id": "",
            "vpc_endpoint_id": "",
            "vpc_peering_connection_id": ""
          },
          "sensitive_attributes": [],
          "private": "eyJlMmJmYjczMC1lY2FhLTExZTYtOGY4OC0zNDM2M2JjN2M0YzAiOnsiY3JlYXRlIjoxMjAwMDAwMDAwMDAsImRlbGV0ZSI6MzAwMDAwMDAwMDAwLCJ1cGRhdGUiOjEyMDAwMDAwMDAwMH19",
          "dependencies": [
            "module.vpc.module.vpc.aws_eip.mod_nat",
            "module.vpc.module.vpc.aws_internet_gateway.default",
            "module.vpc.module.vpc.aws_nat_gateway.nat_gateway",
            "module.vpc.module.vpc.aws_route_table.private",
            "module.vpc.module.vpc.aws_subnet.public",
            "module.vpc.module.vpc.aws_vpc.default"
          ]
        }
      ]
    },
    {
      "module": "module.vpc.module.vpc",
      "mode": "managed",
      "type": "aws_route",
      "name": "public_internet_gateway",
      "provider": "provider[\"registry.terraform.io/hashicorp/aws\"]",
      "instances": [
        {
          "schema_version": 0,
          "attributes": {
            "carrier_gateway_id": "",
            "destination_cidr_block": "0.0.0.0/0",
            "destination_ipv6_cidr_block": "",
            "destination_prefix_list_id": "",
            "egress_only_gateway_id": "",
            "gateway_id": "igw-0b7b076577205fc9a",
            "id": "r-rtb-06ab016eaa5a662561080289494",
            "instance_id": "",
            "instance_owner_id": "",
            "local_gateway_id": "",
            "nat_gateway_id": "",
            "network_interface_id": "",
            "origin": "CreateRoute",
            "route_table_id": "rtb-06ab016eaa5a66256",
            "state": "active",
            "timeouts": null,
            "transit_gateway_id": "",
            "vpc_endpoint_id": "",
            "vpc_peering_connection_id": ""
          },
          "sensitive_attributes": [],
          "private": "eyJlMmJmYjczMC1lY2FhLTExZTYtOGY4OC0zNDM2M2JjN2M0YzAiOnsiY3JlYXRlIjoxMjAwMDAwMDAwMDAsImRlbGV0ZSI6MzAwMDAwMDAwMDAwLCJ1cGRhdGUiOjEyMDAwMDAwMDAwMH19",
          "dependencies": [
            "module.vpc.module.vpc.aws_internet_gateway.default",
            "module.vpc.module.vpc.aws_route_table.public",
            "module.vpc.module.vpc.aws_vpc.default"
          ]
        }
      ]
    },
    {
      "module": "module.vpc.module.vpc",
      "mode": "managed",
      "type": "aws_route_table",
      "name": "private",
      "provider": "provider[\"registry.terraform.io/hashicorp/aws\"]",
      "instances": [
        {
          "index_key": 0,
          "schema_version": 0,
          "attributes": {
            "arn": "arn:aws:ec2:us-east-1:092592202483:route-table/rtb-008b77187c7c0cf4f",
            "id": "rtb-008b77187c7c0cf4f",
            "owner_id": "092592202483",
            "propagating_vgws": [],
            "route": [
              {
                "carrier_gateway_id": "",
                "cidr_block": "0.0.0.0/0",
                "destination_prefix_list_id": "",
                "egress_only_gateway_id": "",
                "gateway_id": "",
                "instance_id": "",
                "ipv6_cidr_block": "",
                "local_gateway_id": "",
                "nat_gateway_id": "nat-0960d0a5770fcb1f5",
                "network_interface_id": "",
                "transit_gateway_id": "",
                "vpc_endpoint_id": "",
                "vpc_peering_connection_id": ""
              }
            ],
            "tags": {
              "Name": "private_az1",
              "kubernetes.io/cluster/aws-eks-cluster": "shared"
            },
            "tags_all": {
              "Name": "private_az1",
              "kubernetes.io/cluster/aws-eks-cluster": "shared"
            },
            "timeouts": null,
            "vpc_id": "vpc-0b813675c87f3825c"
          },
          "sensitive_attributes": [],
          "private": "eyJlMmJmYjczMC1lY2FhLTExZTYtOGY4OC0zNDM2M2JjN2M0YzAiOnsiY3JlYXRlIjoxMjAwMDAwMDAwMDAsImRlbGV0ZSI6MzAwMDAwMDAwMDAwLCJ1cGRhdGUiOjEyMDAwMDAwMDAwMH19",
          "dependencies": [
            "module.vpc.module.vpc.aws_vpc.default"
          ]
        },
        {
          "index_key": 1,
          "schema_version": 0,
          "attributes": {
            "arn": "arn:aws:ec2:us-east-1:092592202483:route-table/rtb-0138a64b307f80b49",
            "id": "rtb-0138a64b307f80b49",
            "owner_id": "092592202483",
            "propagating_vgws": [],
            "route": [
              {
                "carrier_gateway_id": "",
                "cidr_block": "0.0.0.0/0",
                "destination_prefix_list_id": "",
                "egress_only_gateway_id": "",
                "gateway_id": "",
                "instance_id": "",
                "ipv6_cidr_block": "",
                "local_gateway_id": "",
                "nat_gateway_id": "nat-07d7b1b7d714c9ca5",
                "network_interface_id": "",
                "transit_gateway_id": "",
                "vpc_endpoint_id": "",
                "vpc_peering_connection_id": ""
              }
            ],
            "tags": {
              "Name": "private_az2",
              "kubernetes.io/cluster/aws-eks-cluster": "shared"
            },
            "tags_all": {
              "Name": "private_az2",
              "kubernetes.io/cluster/aws-eks-cluster": "shared"
            },
            "timeouts": null,
            "vpc_id": "vpc-0b813675c87f3825c"
          },
          "sensitive_attributes": [],
          "private": "eyJlMmJmYjczMC1lY2FhLTExZTYtOGY4OC0zNDM2M2JjN2M0YzAiOnsiY3JlYXRlIjoxMjAwMDAwMDAwMDAsImRlbGV0ZSI6MzAwMDAwMDAwMDAwLCJ1cGRhdGUiOjEyMDAwMDAwMDAwMH19",
          "dependencies": [
            "module.vpc.module.vpc.aws_vpc.default"
          ]
        }
      ]
    },
    {
      "module": "module.vpc.module.vpc",
      "mode": "managed",
      "type": "aws_route_table",
      "name": "public",
      "provider": "provider[\"registry.terraform.io/hashicorp/aws\"]",
      "instances": [
        {
          "schema_version": 0,
          "attributes": {
            "arn": "arn:aws:ec2:us-east-1:092592202483:route-table/rtb-06ab016eaa5a66256",
            "id": "rtb-06ab016eaa5a66256",
            "owner_id": "092592202483",
            "propagating_vgws": [],
            "route": [
              {
                "carrier_gateway_id": "",
                "cidr_block": "0.0.0.0/0",
                "destination_prefix_list_id": "",
                "egress_only_gateway_id": "",
                "gateway_id": "igw-0b7b076577205fc9a",
                "instance_id": "",
                "ipv6_cidr_block": "",
                "local_gateway_id": "",
                "nat_gateway_id": "",
                "network_interface_id": "",
                "transit_gateway_id": "",
                "vpc_endpoint_id": "",
                "vpc_peering_connection_id": ""
              }
            ],
            "tags": {
              "Name": "public",
              "kubernetes.io/cluster/aws-eks-cluster": "shared"
            },
            "tags_all": {
              "Name": "public",
              "kubernetes.io/cluster/aws-eks-cluster": "shared"
            },
            "timeouts": null,
            "vpc_id": "vpc-0b813675c87f3825c"
          },
          "sensitive_attributes": [],
          "private": "eyJlMmJmYjczMC1lY2FhLTExZTYtOGY4OC0zNDM2M2JjN2M0YzAiOnsiY3JlYXRlIjoxMjAwMDAwMDAwMDAsImRlbGV0ZSI6MzAwMDAwMDAwMDAwLCJ1cGRhdGUiOjEyMDAwMDAwMDAwMH19",
          "dependencies": [
            "module.vpc.module.vpc.aws_vpc.default"
          ]
        }
      ]
    },
    {
      "module": "module.vpc.module.vpc",
      "mode": "managed",
      "type": "aws_route_table_association",
      "name": "private_admin",
      "provider": "provider[\"registry.terraform.io/hashicorp/aws\"]",
      "instances": [
        {
          "index_key": 0,
          "schema_version": 0,
          "attributes": {
            "gateway_id": "",
            "id": "rtbassoc-07b64ecd2a5433490",
            "route_table_id": "rtb-008b77187c7c0cf4f",
            "subnet_id": "subnet-07b21920fde928708"
          },
          "sensitive_attributes": [],
          "private": "bnVsbA==",
          "dependencies": [
            "module.vpc.module.vpc.aws_vpc.default",
            "module.vpc.module.vpc.aws_route_table.private",
            "module.vpc.module.vpc.aws_subnet.admin"
          ]
        },
        {
          "index_key": 1,
          "schema_version": 0,
          "attributes": {
            "gateway_id": "",
            "id": "rtbassoc-036a1f0ba0b2c9e05",
            "route_table_id": "rtb-0138a64b307f80b49",
            "subnet_id": "subnet-07e04134d645fa355"
          },
          "sensitive_attributes": [],
          "private": "bnVsbA==",
          "dependencies": [
            "module.vpc.module.vpc.aws_route_table.private",
            "module.vpc.module.vpc.aws_subnet.admin",
            "module.vpc.module.vpc.aws_vpc.default"
          ]
        }
      ]
    },
    {
      "module": "module.vpc.module.vpc",
      "mode": "managed",
      "type": "aws_route_table_association",
      "name": "private_private_prod",
      "provider": "provider[\"registry.terraform.io/hashicorp/aws\"]",
      "instances": [
        {
          "index_key": 0,
          "schema_version": 0,
          "attributes": {
            "gateway_id": "",
            "id": "rtbassoc-05628a31c99135103",
            "route_table_id": "rtb-008b77187c7c0cf4f",
            "subnet_id": "subnet-06f44cd8589f6965e"
          },
          "sensitive_attributes": [],
          "private": "bnVsbA==",
          "dependencies": [
            "module.vpc.module.vpc.aws_route_table.private",
            "module.vpc.module.vpc.aws_subnet.private_prod",
            "module.vpc.module.vpc.aws_vpc.default"
          ]
        },
        {
          "index_key": 1,
          "schema_version": 0,
          "attributes": {
            "gateway_id": "",
            "id": "rtbassoc-0bca8ff4800429239",
            "route_table_id": "rtb-0138a64b307f80b49",
            "subnet_id": "subnet-0e6fc06bb5b06cec4"
          },
          "sensitive_attributes": [],
          "private": "bnVsbA==",
          "dependencies": [
            "module.vpc.module.vpc.aws_route_table.private",
            "module.vpc.module.vpc.aws_subnet.private_prod",
            "module.vpc.module.vpc.aws_vpc.default"
          ]
        }
      ]
    },
    {
      "module": "module.vpc.module.vpc",
      "mode": "managed",
      "type": "aws_route_table_association",
      "name": "private_private_working",
      "provider": "provider[\"registry.terraform.io/hashicorp/aws\"]",
      "instances": [
        {
          "index_key": 0,
          "schema_version": 0,
          "attributes": {
            "gateway_id": "",
            "id": "rtbassoc-0e5487c41700e1ed1",
            "route_table_id": "rtb-008b77187c7c0cf4f",
            "subnet_id": "subnet-062a035af3c7544a8"
          },
          "sensitive_attributes": [],
          "private": "bnVsbA==",
          "dependencies": [
            "module.vpc.module.vpc.aws_route_table.private",
            "module.vpc.module.vpc.aws_subnet.private_working",
            "module.vpc.module.vpc.aws_vpc.default"
          ]
        },
        {
          "index_key": 1,
          "schema_version": 0,
          "attributes": {
            "gateway_id": "",
            "id": "rtbassoc-045e5813146d92ae5",
            "route_table_id": "rtb-0138a64b307f80b49",
            "subnet_id": "subnet-0e7aa10bacf83c1e4"
          },
          "sensitive_attributes": [],
          "private": "bnVsbA==",
          "dependencies": [
            "module.vpc.module.vpc.aws_route_table.private",
            "module.vpc.module.vpc.aws_subnet.private_working",
            "module.vpc.module.vpc.aws_vpc.default"
          ]
        }
      ]
    },
    {
      "module": "module.vpc.module.vpc",
      "mode": "managed",
      "type": "aws_route_table_association",
      "name": "public_public",
      "provider": "provider[\"registry.terraform.io/hashicorp/aws\"]",
      "instances": [
        {
          "index_key": 0,
          "schema_version": 0,
          "attributes": {
            "gateway_id": "",
            "id": "rtbassoc-0039fc0d3bfa8c85e",
            "route_table_id": "rtb-06ab016eaa5a66256",
            "subnet_id": "subnet-0ebd8069d944c5f7e"
          },
          "sensitive_attributes": [],
          "private": "bnVsbA==",
          "dependencies": [
            "module.vpc.module.vpc.aws_route_table.public",
            "module.vpc.module.vpc.aws_subnet.public",
            "module.vpc.module.vpc.aws_vpc.default"
          ]
        },
        {
          "index_key": 1,
          "schema_version": 0,
          "attributes": {
            "gateway_id": "",
            "id": "rtbassoc-09f77d6b729ef6079",
            "route_table_id": "rtb-06ab016eaa5a66256",
            "subnet_id": "subnet-00f50908ca479a64f"
          },
          "sensitive_attributes": [],
          "private": "bnVsbA==",
          "dependencies": [
            "module.vpc.module.vpc.aws_vpc.default",
            "module.vpc.module.vpc.aws_route_table.public",
            "module.vpc.module.vpc.aws_subnet.public"
          ]
        }
      ]
    },
    {
      "module": "module.vpc.module.vpc",
      "mode": "managed",
      "type": "aws_subnet",
      "name": "admin",
      "provider": "provider[\"registry.terraform.io/hashicorp/aws\"]",
      "instances": [
        {
          "index_key": 0,
          "schema_version": 1,
          "attributes": {
            "arn": "arn:aws:ec2:us-east-1:092592202483:subnet/subnet-07b21920fde928708",
            "assign_ipv6_address_on_creation": false,
            "availability_zone": "us-east-1a",
            "availability_zone_id": "use1-az4",
            "cidr_block": "10.20.0.0/21",
            "customer_owned_ipv4_pool": "",
            "id": "subnet-07b21920fde928708",
            "ipv6_cidr_block": "",
            "ipv6_cidr_block_association_id": "",
            "map_customer_owned_ip_on_launch": false,
            "map_public_ip_on_launch": false,
            "outpost_arn": "",
            "owner_id": "092592202483",
            "tags": {
              "Name": "admin_az1",
              "kubernetes.io/cluster/aws-eks-cluster": "shared"
            },
            "tags_all": {
              "Name": "admin_az1",
              "kubernetes.io/cluster/aws-eks-cluster": "shared"
            },
            "timeouts": null,
            "vpc_id": "vpc-0b813675c87f3825c"
          },
          "sensitive_attributes": [],
          "private": "eyJlMmJmYjczMC1lY2FhLTExZTYtOGY4OC0zNDM2M2JjN2M0YzAiOnsiY3JlYXRlIjo2MDAwMDAwMDAwMDAsImRlbGV0ZSI6MTIwMDAwMDAwMDAwMH0sInNjaGVtYV92ZXJzaW9uIjoiMSJ9",
          "dependencies": [
            "module.vpc.module.vpc.aws_vpc.default"
          ]
        },
        {
          "index_key": 1,
          "schema_version": 1,
          "attributes": {
            "arn": "arn:aws:ec2:us-east-1:092592202483:subnet/subnet-07e04134d645fa355",
            "assign_ipv6_address_on_creation": false,
            "availability_zone": "us-east-1b",
            "availability_zone_id": "use1-az6",
            "cidr_block": "10.20.8.0/21",
            "customer_owned_ipv4_pool": "",
            "id": "subnet-07e04134d645fa355",
            "ipv6_cidr_block": "",
            "ipv6_cidr_block_association_id": "",
            "map_customer_owned_ip_on_launch": false,
            "map_public_ip_on_launch": false,
            "outpost_arn": "",
            "owner_id": "092592202483",
            "tags": {
              "Name": "admin_az2",
              "kubernetes.io/cluster/aws-eks-cluster": "shared"
            },
            "tags_all": {
              "Name": "admin_az2",
              "kubernetes.io/cluster/aws-eks-cluster": "shared"
            },
            "timeouts": null,
            "vpc_id": "vpc-0b813675c87f3825c"
          },
          "sensitive_attributes": [],
          "private": "eyJlMmJmYjczMC1lY2FhLTExZTYtOGY4OC0zNDM2M2JjN2M0YzAiOnsiY3JlYXRlIjo2MDAwMDAwMDAwMDAsImRlbGV0ZSI6MTIwMDAwMDAwMDAwMH0sInNjaGVtYV92ZXJzaW9uIjoiMSJ9",
          "dependencies": [
            "module.vpc.module.vpc.aws_vpc.default"
          ]
        }
      ]
    },
    {
      "module": "module.vpc.module.vpc",
      "mode": "managed",
      "type": "aws_subnet",
      "name": "private_prod",
      "provider": "provider[\"registry.terraform.io/hashicorp/aws\"]",
      "instances": [
        {
          "index_key": 0,
          "schema_version": 1,
          "attributes": {
            "arn": "arn:aws:ec2:us-east-1:092592202483:subnet/subnet-06f44cd8589f6965e",
            "assign_ipv6_address_on_creation": false,
            "availability_zone": "us-east-1a",
            "availability_zone_id": "use1-az4",
            "cidr_block": "10.20.64.0/21",
            "customer_owned_ipv4_pool": "",
            "id": "subnet-06f44cd8589f6965e",
            "ipv6_cidr_block": "",
            "ipv6_cidr_block_association_id": "",
            "map_customer_owned_ip_on_launch": false,
            "map_public_ip_on_launch": false,
            "outpost_arn": "",
            "owner_id": "092592202483",
            "tags": {
              "Name": "private_prod_az1",
              "kubernetes.io/cluster/aws-eks-cluster": "shared"
            },
            "tags_all": {
              "Name": "private_prod_az1",
              "kubernetes.io/cluster/aws-eks-cluster": "shared"
            },
            "timeouts": null,
            "vpc_id": "vpc-0b813675c87f3825c"
          },
          "sensitive_attributes": [],
          "private": "eyJlMmJmYjczMC1lY2FhLTExZTYtOGY4OC0zNDM2M2JjN2M0YzAiOnsiY3JlYXRlIjo2MDAwMDAwMDAwMDAsImRlbGV0ZSI6MTIwMDAwMDAwMDAwMH0sInNjaGVtYV92ZXJzaW9uIjoiMSJ9",
          "dependencies": [
            "module.vpc.module.vpc.aws_vpc.default"
          ],
          "create_before_destroy": true
        },
        {
          "index_key": 1,
          "schema_version": 1,
          "attributes": {
            "arn": "arn:aws:ec2:us-east-1:092592202483:subnet/subnet-0e6fc06bb5b06cec4",
            "assign_ipv6_address_on_creation": false,
            "availability_zone": "us-east-1b",
            "availability_zone_id": "use1-az6",
            "cidr_block": "10.20.72.0/21",
            "customer_owned_ipv4_pool": "",
            "id": "subnet-0e6fc06bb5b06cec4",
            "ipv6_cidr_block": "",
            "ipv6_cidr_block_association_id": "",
            "map_customer_owned_ip_on_launch": false,
            "map_public_ip_on_launch": false,
            "outpost_arn": "",
            "owner_id": "092592202483",
            "tags": {
              "Name": "private_prod_az2",
              "kubernetes.io/cluster/aws-eks-cluster": "shared"
            },
            "tags_all": {
              "Name": "private_prod_az2",
              "kubernetes.io/cluster/aws-eks-cluster": "shared"
            },
            "timeouts": null,
            "vpc_id": "vpc-0b813675c87f3825c"
          },
          "sensitive_attributes": [],
          "private": "eyJlMmJmYjczMC1lY2FhLTExZTYtOGY4OC0zNDM2M2JjN2M0YzAiOnsiY3JlYXRlIjo2MDAwMDAwMDAwMDAsImRlbGV0ZSI6MTIwMDAwMDAwMDAwMH0sInNjaGVtYV92ZXJzaW9uIjoiMSJ9",
          "dependencies": [
            "module.vpc.module.vpc.aws_vpc.default"
          ],
          "create_before_destroy": true
        }
      ]
    },
    {
      "module": "module.vpc.module.vpc",
      "mode": "managed",
      "type": "aws_subnet",
      "name": "private_working",
      "provider": "provider[\"registry.terraform.io/hashicorp/aws\"]",
      "instances": [
        {
          "index_key": 0,
          "schema_version": 1,
          "attributes": {
            "arn": "arn:aws:ec2:us-east-1:092592202483:subnet/subnet-062a035af3c7544a8",
            "assign_ipv6_address_on_creation": false,
            "availability_zone": "us-east-1a",
            "availability_zone_id": "use1-az4",
            "cidr_block": "10.20.96.0/21",
            "customer_owned_ipv4_pool": "",
            "id": "subnet-062a035af3c7544a8",
            "ipv6_cidr_block": "",
            "ipv6_cidr_block_association_id": "",
            "map_customer_owned_ip_on_launch": false,
            "map_public_ip_on_launch": false,
            "outpost_arn": "",
            "owner_id": "092592202483",
            "tags": {
              "Name": "private_working_az1",
              "kubernetes.io/cluster/aws-eks-cluster": "shared"
            },
            "tags_all": {
              "Name": "private_working_az1",
              "kubernetes.io/cluster/aws-eks-cluster": "shared"
            },
            "timeouts": null,
            "vpc_id": "vpc-0b813675c87f3825c"
          },
          "sensitive_attributes": [],
          "private": "eyJlMmJmYjczMC1lY2FhLTExZTYtOGY4OC0zNDM2M2JjN2M0YzAiOnsiY3JlYXRlIjo2MDAwMDAwMDAwMDAsImRlbGV0ZSI6MTIwMDAwMDAwMDAwMH0sInNjaGVtYV92ZXJzaW9uIjoiMSJ9",
          "dependencies": [
            "module.vpc.module.vpc.aws_vpc.default"
          ]
        },
        {
          "index_key": 1,
          "schema_version": 1,
          "attributes": {
            "arn": "arn:aws:ec2:us-east-1:092592202483:subnet/subnet-0e7aa10bacf83c1e4",
            "assign_ipv6_address_on_creation": false,
            "availability_zone": "us-east-1b",
            "availability_zone_id": "use1-az6",
            "cidr_block": "10.20.104.0/21",
            "customer_owned_ipv4_pool": "",
            "id": "subnet-0e7aa10bacf83c1e4",
            "ipv6_cidr_block": "",
            "ipv6_cidr_block_association_id": "",
            "map_customer_owned_ip_on_launch": false,
            "map_public_ip_on_launch": false,
            "outpost_arn": "",
            "owner_id": "092592202483",
            "tags": {
              "Name": "private_working_az2",
              "kubernetes.io/cluster/aws-eks-cluster": "shared"
            },
            "tags_all": {
              "Name": "private_working_az2",
              "kubernetes.io/cluster/aws-eks-cluster": "shared"
            },
            "timeouts": null,
            "vpc_id": "vpc-0b813675c87f3825c"
          },
          "sensitive_attributes": [],
          "private": "eyJlMmJmYjczMC1lY2FhLTExZTYtOGY4OC0zNDM2M2JjN2M0YzAiOnsiY3JlYXRlIjo2MDAwMDAwMDAwMDAsImRlbGV0ZSI6MTIwMDAwMDAwMDAwMH0sInNjaGVtYV92ZXJzaW9uIjoiMSJ9",
          "dependencies": [
            "module.vpc.module.vpc.aws_vpc.default"
          ]
        }
      ]
    },
    {
      "module": "module.vpc.module.vpc",
      "mode": "managed",
      "type": "aws_subnet",
      "name": "public",
      "provider": "provider[\"registry.terraform.io/hashicorp/aws\"]",
      "instances": [
        {
          "index_key": 0,
          "schema_version": 1,
          "attributes": {
            "arn": "arn:aws:ec2:us-east-1:092592202483:subnet/subnet-0ebd8069d944c5f7e",
            "assign_ipv6_address_on_creation": false,
            "availability_zone": "us-east-1a",
            "availability_zone_id": "use1-az4",
            "cidr_block": "10.20.32.0/21",
            "customer_owned_ipv4_pool": "",
            "id": "subnet-0ebd8069d944c5f7e",
            "ipv6_cidr_block": "",
            "ipv6_cidr_block_association_id": "",
            "map_customer_owned_ip_on_launch": false,
            "map_public_ip_on_launch": false,
            "outpost_arn": "",
            "owner_id": "092592202483",
            "tags": {
              "Name": "public_az1",
              "kubernetes.io/cluster/aws-eks-cluster": "shared"
            },
            "tags_all": {
              "Name": "public_az1",
              "kubernetes.io/cluster/aws-eks-cluster": "shared"
            },
            "timeouts": null,
            "vpc_id": "vpc-0b813675c87f3825c"
          },
          "sensitive_attributes": [],
          "private": "eyJlMmJmYjczMC1lY2FhLTExZTYtOGY4OC0zNDM2M2JjN2M0YzAiOnsiY3JlYXRlIjo2MDAwMDAwMDAwMDAsImRlbGV0ZSI6MTIwMDAwMDAwMDAwMH0sInNjaGVtYV92ZXJzaW9uIjoiMSJ9",
          "dependencies": [
            "module.vpc.module.vpc.aws_vpc.default"
          ]
        },
        {
          "index_key": 1,
          "schema_version": 1,
          "attributes": {
            "arn": "arn:aws:ec2:us-east-1:092592202483:subnet/subnet-00f50908ca479a64f",
            "assign_ipv6_address_on_creation": false,
            "availability_zone": "us-east-1b",
            "availability_zone_id": "use1-az6",
            "cidr_block": "10.20.40.0/21",
            "customer_owned_ipv4_pool": "",
            "id": "subnet-00f50908ca479a64f",
            "ipv6_cidr_block": "",
            "ipv6_cidr_block_association_id": "",
            "map_customer_owned_ip_on_launch": false,
            "map_public_ip_on_launch": false,
            "outpost_arn": "",
            "owner_id": "092592202483",
            "tags": {
              "Name": "public_az2",
              "kubernetes.io/cluster/aws-eks-cluster": "shared"
            },
            "tags_all": {
              "Name": "public_az2",
              "kubernetes.io/cluster/aws-eks-cluster": "shared"
            },
            "timeouts": null,
            "vpc_id": "vpc-0b813675c87f3825c"
          },
          "sensitive_attributes": [],
          "private": "eyJlMmJmYjczMC1lY2FhLTExZTYtOGY4OC0zNDM2M2JjN2M0YzAiOnsiY3JlYXRlIjo2MDAwMDAwMDAwMDAsImRlbGV0ZSI6MTIwMDAwMDAwMDAwMH0sInNjaGVtYV92ZXJzaW9uIjoiMSJ9",
          "dependencies": [
            "module.vpc.module.vpc.aws_vpc.default"
          ]
        }
      ]
    },
    {
      "module": "module.vpc.module.vpc",
      "mode": "managed",
      "type": "aws_vpc",
      "name": "default",
      "provider": "provider[\"registry.terraform.io/hashicorp/aws\"]",
      "instances": [
        {
          "schema_version": 1,
          "attributes": {
            "arn": "arn:aws:ec2:us-east-1:092592202483:vpc/vpc-0b813675c87f3825c",
            "assign_generated_ipv6_cidr_block": false,
            "cidr_block": "10.20.0.0/16",
            "default_network_acl_id": "acl-0ba09f62c19957a06",
            "default_route_table_id": "rtb-0629a5ec78cd63aa8",
            "default_security_group_id": "sg-0043e2fddb01e8959",
            "dhcp_options_id": "dopt-b74227cd",
            "enable_classiclink": false,
            "enable_classiclink_dns_support": false,
            "enable_dns_hostnames": true,
            "enable_dns_support": true,
            "id": "vpc-0b813675c87f3825c",
            "instance_tenancy": "default",
            "ipv6_association_id": "",
            "ipv6_cidr_block": "",
            "main_route_table_id": "rtb-0629a5ec78cd63aa8",
            "owner_id": "092592202483",
            "tags": {
              "Name": "vpc",
              "kubernetes.io/cluster/aws-eks-cluster": "shared"
            },
            "tags_all": {
              "Name": "vpc",
              "kubernetes.io/cluster/aws-eks-cluster": "shared"
            }
          },
          "sensitive_attributes": [],
          "private": "eyJzY2hlbWFfdmVyc2lvbiI6IjEifQ==",
          "create_before_destroy": true
        }
      ]
    }
  ]
}
